{
    "version": 3,
    "terraform_version": "0.11.13",
    "serial": 9,
    "lineage": "a18f634d-2d80-fccd-979f-ccf4aabd189e",
    "modules": [
        {
            "path": [
                "root"
            ],
            "outputs": {
                "ecr_repository_url": {
                    "sensitive": false,
                    "type": "string",
                    "value": "805382315593.dkr.ecr.us-east-1.amazonaws.com/api-default"
                },
                "ecs_cluster_arn": {
                    "sensitive": false,
                    "type": "string",
                    "value": "arn:aws:ecs:us-east-1:805382315593:cluster/hola-mundo-ecs-default-cluster"
                },
                "loadbalancer_dns": {
                    "sensitive": false,
                    "type": "string",
                    "value": "hola-mundo-ecs-default-api-alb-1217233476.us-east-1.elb.amazonaws.com"
                },
                "service_security_group": {
                    "sensitive": false,
                    "type": "string",
                    "value": "arn:aws:ec2:us-east-1:805382315593:security-group/sg-02c600d1c789fb1ff"
                },
                "vpc_id": {
                    "sensitive": false,
                    "type": "string",
                    "value": "vpc-0e16de032dafeb047"
                }
            },
            "resources": {},
            "depends_on": []
        },
        {
            "path": [
                "root",
                "fargate"
            ],
            "outputs": {
                "application_load_balancers_arns": {
                    "sensitive": false,
                    "type": "list",
                    "value": [
                        "arn:aws:elasticloadbalancing:us-east-1:805382315593:loadbalancer/app/hola-mundo-ecs-default-api-alb/20e588d5c4d42036"
                    ]
                },
                "application_load_balancers_dns_names": {
                    "sensitive": false,
                    "type": "list",
                    "value": [
                        "hola-mundo-ecs-default-api-alb-1217233476.us-east-1.elb.amazonaws.com"
                    ]
                },
                "application_load_balancers_zone_ids": {
                    "sensitive": false,
                    "type": "list",
                    "value": [
                        "Z35SXDOTRQ7X7K"
                    ]
                },
                "cloudwatch_log_group_names": {
                    "sensitive": false,
                    "type": "list",
                    "value": [
                        "/ecs/hola-mundo-ecs-api"
                    ]
                },
                "cloudwatch_log_group_retention_days": {
                    "sensitive": false,
                    "type": "list",
                    "value": [
                        "30"
                    ]
                },
                "codepipeline_events_sns_arn": {
                    "sensitive": false,
                    "type": "string",
                    "value": "not set"
                },
                "ecr_repository_arns": {
                    "sensitive": false,
                    "type": "list",
                    "value": [
                        "arn:aws:ecr:us-east-1:805382315593:repository/api-default"
                    ]
                },
                "ecr_repository_urls": {
                    "sensitive": false,
                    "type": "list",
                    "value": [
                        "805382315593.dkr.ecr.us-east-1.amazonaws.com/api-default"
                    ]
                },
                "ecs_cluster_arn": {
                    "sensitive": false,
                    "type": "string",
                    "value": "arn:aws:ecs:us-east-1:805382315593:cluster/hola-mundo-ecs-default-cluster"
                },
                "private_subnets": {
                    "sensitive": false,
                    "type": "list",
                    "value": [
                        "subnet-081317beb521665ea",
                        "subnet-0e6b835ebc62215ba",
                        "subnet-0cd77f4e548b61575"
                    ]
                },
                "private_subnets_cidr_blocks": {
                    "sensitive": false,
                    "type": "list",
                    "value": [
                        "10.0.101.0/24",
                        "10.0.102.0/24",
                        "10.0.103.0/24"
                    ]
                },
                "public_subnets": {
                    "sensitive": false,
                    "type": "list",
                    "value": [
                        "subnet-0548fd2f1fcd98d2d",
                        "subnet-0d9518ac5e816aa2e",
                        "subnet-04c27f4d3c5b4e3b8"
                    ]
                },
                "public_subnets_cidr_blocks": {
                    "sensitive": false,
                    "type": "list",
                    "value": [
                        "10.0.1.0/24",
                        "10.0.2.0/24",
                        "10.0.3.0/24"
                    ]
                },
                "services_security_groups_arns": {
                    "sensitive": false,
                    "type": "list",
                    "value": [
                        "arn:aws:ec2:us-east-1:805382315593:security-group/sg-02c600d1c789fb1ff"
                    ]
                },
                "services_security_groups_ingress_rules": {
                    "sensitive": false,
                    "type": "list",
                    "value": [
                        []
                    ]
                },
                "vpc_cidr_block": {
                    "sensitive": false,
                    "type": "string",
                    "value": "10.0.0.0/16"
                },
                "vpc_id": {
                    "sensitive": false,
                    "type": "string",
                    "value": "vpc-0e16de032dafeb047"
                },
                "web_security_group_arn": {
                    "sensitive": false,
                    "type": "string",
                    "value": "arn:aws:ec2:us-east-1:805382315593:security-group/sg-0bf9e9016ebe3f66f"
                },
                "web_security_group_ingress": {
                    "sensitive": false,
                    "type": "list",
                    "value": []
                }
            },
            "resources": {
                "aws_appautoscaling_policy.this": {
                    "type": "aws_appautoscaling_policy",
                    "depends_on": [
                        "aws_appautoscaling_target.this",
                        "aws_appautoscaling_target.this.*"
                    ],
                    "primary": {
                        "id": "api-autoscaling-policy",
                        "attributes": {
                            "arn": "arn:aws:autoscaling:us-east-1:805382315593:scalingPolicy:036619e1-40ae-49b1-8e92-a405b0cc0305:resource/ecs/service/hola-mundo-ecs-default-cluster/api:policyName/api-autoscaling-policy",
                            "id": "api-autoscaling-policy",
                            "name": "api-autoscaling-policy",
                            "policy_type": "TargetTrackingScaling",
                            "resource_id": "service/hola-mundo-ecs-default-cluster/api",
                            "scalable_dimension": "ecs:service:DesiredCount",
                            "service_namespace": "ecs",
                            "step_scaling_policy_configuration.#": "0",
                            "target_tracking_scaling_policy_configuration.#": "1",
                            "target_tracking_scaling_policy_configuration.0.customized_metric_specification.#": "0",
                            "target_tracking_scaling_policy_configuration.0.disable_scale_in": "false",
                            "target_tracking_scaling_policy_configuration.0.predefined_metric_specification.#": "1",
                            "target_tracking_scaling_policy_configuration.0.predefined_metric_specification.0.predefined_metric_type": "ECSServiceAverageCPUUtilization",
                            "target_tracking_scaling_policy_configuration.0.predefined_metric_specification.0.resource_label": "",
                            "target_tracking_scaling_policy_configuration.0.scale_in_cooldown": "300",
                            "target_tracking_scaling_policy_configuration.0.scale_out_cooldown": "300",
                            "target_tracking_scaling_policy_configuration.0.target_value": "100"
                        },
                        "meta": {},
                        "tainted": false
                    },
                    "deposed": [],
                    "provider": "provider.aws"
                },
                "aws_appautoscaling_target.this": {
                    "type": "aws_appautoscaling_target",
                    "depends_on": [
                        "aws_ecs_cluster.this",
                        "aws_ecs_service.this",
                        "aws_iam_role.autoscaling"
                    ],
                    "primary": {
                        "id": "service/hola-mundo-ecs-default-cluster/api",
                        "attributes": {
                            "id": "service/hola-mundo-ecs-default-cluster/api",
                            "max_capacity": "3",
                            "min_capacity": "3",
                            "resource_id": "service/hola-mundo-ecs-default-cluster/api",
                            "role_arn": "arn:aws:iam::805382315593:role/aws-service-role/ecs.application-autoscaling.amazonaws.com/AWSServiceRoleForApplicationAutoScaling_ECSService",
                            "scalable_dimension": "ecs:service:DesiredCount",
                            "service_namespace": "ecs"
                        },
                        "meta": {},
                        "tainted": false
                    },
                    "deposed": [],
                    "provider": "provider.aws"
                },
                "aws_cloudwatch_dashboard.this": {
                    "type": "aws_cloudwatch_dashboard",
                    "depends_on": [
                        "data.template_file.metric_dashboard.*"
                    ],
                    "primary": {
                        "id": "hola-mundo-ecs-default-api-metrics-dashboard",
                        "attributes": {
                            "dashboard_arn": "arn:aws:cloudwatch::805382315593:dashboard/hola-mundo-ecs-default-api-metrics-dashboard",
                            "dashboard_body": "{\n  \"widgets\": [\n      {\n          \"type\": \"metric\",\n          \"x\": 0,\n          \"y\": 0,\n          \"width\": 12,\n          \"height\": 6,\n          \"properties\": {\n              \"metrics\": [\n                  [ \"AWS/ApplicationELB\", \"HTTPCode_Target_2XX_Count\", \"LoadBalancer\", \"app/hola-mundo-ecs-default-api-alb/20e588d5c4d42036\", { \"stat\": \"Sum\" } ]\n              ],\n              \"view\": \"timeSeries\",\n              \"stacked\": false,\n              \"region\": \"us-east-1\",\n              \"title\": \"HTTP 2XX count\"\n          }\n      },\n      {\n          \"type\": \"metric\",\n          \"x\": 0,\n          \"y\": 12,\n          \"width\": 12,\n          \"height\": 6,\n          \"properties\": {\n              \"view\": \"timeSeries\",\n              \"stacked\": false,\n              \"metrics\": [\n                  [ \"AWS/ApplicationELB\", \"HTTPCode_ELB_5XX_Count\", \"LoadBalancer\", \"app/hola-mundo-ecs-default-api-alb/20e588d5c4d42036\" ]\n              ],\n              \"region\": \"us-east-1\",\n              \"title\": \"HTTP 5XX count\"\n          }\n      },\n      {\n          \"type\": \"metric\",\n          \"x\": 0,\n          \"y\": 6,\n          \"width\": 12,\n          \"height\": 6,\n          \"properties\": {\n              \"view\": \"timeSeries\",\n              \"stacked\": false,\n              \"metrics\": [\n                  [ \"AWS/ApplicationELB\", \"HTTPCode_Target_4XX_Count\", \"LoadBalancer\", \"app/hola-mundo-ecs-default-api-alb/20e588d5c4d42036\" ]\n              ],\n              \"region\": \"us-east-1\",\n              \"title\": \"HTTP 4XX count\"\n          }\n      },\n      {\n          \"type\": \"metric\",\n          \"x\": 12,\n          \"y\": 0,\n          \"width\": 12,\n          \"height\": 3,\n          \"properties\": {\n              \"metrics\": [\n                  [ \"AWS/ApplicationELB\", \"TargetResponseTime\", \"LoadBalancer\", \"app/hola-mundo-ecs-default-api-alb/20e588d5c4d42036\", { \"stat\": \"p95\" } ]\n              ],\n              \"view\": \"timeSeries\",\n              \"region\": \"us-east-1\",\n              \"title\": \"Response Time (p95)\",\n              \"stacked\": false\n          }\n      },\n      {\n          \"type\": \"metric\",\n          \"x\": 12,\n          \"y\": 3,\n          \"width\": 12,\n          \"height\": 3,\n          \"properties\": {\n              \"metrics\": [\n                  [ \"AWS/ApplicationELB\", \"RequestCount\", \"LoadBalancer\", \"app/hola-mundo-ecs-default-api-alb/20e588d5c4d42036\", { \"stat\": \"Sum\" } ]\n              ],\n              \"view\": \"timeSeries\",\n              \"region\": \"us-east-1\",\n              \"title\": \"Request Count\",\n              \"stacked\": false\n          }\n      },\n      {\n          \"type\": \"metric\",\n          \"x\": 12,\n          \"y\": 6,\n          \"width\": 12,\n          \"height\": 6,\n          \"properties\": {\n              \"view\": \"timeSeries\",\n              \"stacked\": false,\n              \"metrics\": [\n                  [ \"AWS/ECS\", \"CPUUtilization\", \"ServiceName\", \"api\", \"ClusterName\", \"hola-mundo-ecs-default-cluster\" ]\n              ],\n              \"region\": \"us-east-1\",\n              \"title\": \"CPU Utilization\"\n          }\n      },\n      {\n          \"type\": \"metric\",\n          \"x\": 12,\n          \"y\": 12,\n          \"width\": 12,\n          \"height\": 6,\n          \"properties\": {\n              \"view\": \"timeSeries\",\n              \"stacked\": false,\n              \"metrics\": [\n                  [ \"AWS/ECS\", \"MemoryUtilization\", \"ServiceName\", \"api\", \"ClusterName\", \"hola-mundo-ecs-default-cluster\" ]\n              ],\n              \"region\": \"us-east-1\",\n              \"title\": \"Memory Utilization\"\n          }\n      }\n  ]\n}\n",
                            "dashboard_name": "hola-mundo-ecs-default-api-metrics-dashboard",
                            "id": "hola-mundo-ecs-default-api-metrics-dashboard"
                        },
                        "meta": {},
                        "tainted": false
                    },
                    "deposed": [],
                    "provider": "provider.aws"
                },
                "aws_cloudwatch_event_rule.events": {
                    "type": "aws_cloudwatch_event_rule",
                    "depends_on": [
                        "aws_codepipeline.this",
                        "data.template_file.ecr_event.*"
                    ],
                    "primary": {
                        "id": "hola-mundo-ecs-default-api-ecr-event",
                        "attributes": {
                            "arn": "arn:aws:events:us-east-1:805382315593:rule/hola-mundo-ecs-default-api-ecr-event",
                            "description": "Amazon CloudWatch Events rule to automatically start your pipeline when a change occurs in the Amazon ECR image tag.",
                            "event_pattern": "{\"detail\":{\"eventName\":[\"PutImage\"],\"eventSource\":[\"ecr.amazonaws.com\"],\"requestParameters\":{\"imageTag\":[\"latest\"],\"repositoryName\":[\"api-default\"]}},\"detail-type\":[\"AWS API Call via CloudTrail\"],\"source\":[\"aws.ecr\"]}",
                            "id": "hola-mundo-ecs-default-api-ecr-event",
                            "is_enabled": "true",
                            "name": "hola-mundo-ecs-default-api-ecr-event",
                            "role_arn": "",
                            "schedule_expression": ""
                        },
                        "meta": {},
                        "tainted": false
                    },
                    "deposed": [],
                    "provider": "provider.aws"
                },
                "aws_cloudwatch_event_target.events": {
                    "type": "aws_cloudwatch_event_target",
                    "depends_on": [
                        "aws_cloudwatch_event_rule.events.*",
                        "aws_codepipeline.this.*",
                        "aws_iam_role.events.*"
                    ],
                    "primary": {
                        "id": "hola-mundo-ecs-default-api-ecr-event-hola-mundo-ecs-default-api-codepipeline",
                        "attributes": {
                            "arn": "arn:aws:codepipeline:us-east-1:805382315593:hola-mundo-ecs-default-api-pipeline",
                            "id": "hola-mundo-ecs-default-api-ecr-event-hola-mundo-ecs-default-api-codepipeline",
                            "input": "",
                            "input_path": "",
                            "role_arn": "arn:aws:iam::805382315593:role/hola-mundo-ecs-default-api-events-role",
                            "rule": "hola-mundo-ecs-default-api-ecr-event",
                            "target_id": "hola-mundo-ecs-default-api-codepipeline"
                        },
                        "meta": {},
                        "tainted": false
                    },
                    "deposed": [],
                    "provider": "provider.aws"
                },
                "aws_cloudwatch_log_group.this": {
                    "type": "aws_cloudwatch_log_group",
                    "depends_on": [],
                    "primary": {
                        "id": "/ecs/hola-mundo-ecs-api",
                        "attributes": {
                            "arn": "arn:aws:logs:us-east-1:805382315593:log-group:/ecs/hola-mundo-ecs-api:*",
                            "id": "/ecs/hola-mundo-ecs-api",
                            "kms_key_id": "",
                            "name": "/ecs/hola-mundo-ecs-api",
                            "retention_in_days": "30",
                            "tags.%": "0"
                        },
                        "meta": {},
                        "tainted": false
                    },
                    "deposed": [],
                    "provider": "provider.aws"
                },
                "aws_codebuild_project.this": {
                    "type": "aws_codebuild_project",
                    "depends_on": [
                        "aws_iam_role.codebuild",
                        "data.template_file.buildspec.*"
                    ],
                    "primary": {
                        "id": "arn:aws:codebuild:us-east-1:805382315593:project/hola-mundo-ecs-default-api-builds",
                        "attributes": {
                            "arn": "arn:aws:codebuild:us-east-1:805382315593:project/hola-mundo-ecs-default-api-builds",
                            "artifacts.#": "1",
                            "artifacts.2731293239.encryption_disabled": "false",
                            "artifacts.2731293239.location": "",
                            "artifacts.2731293239.name": "hola-mundo-ecs-default-api-builds",
                            "artifacts.2731293239.namespace_type": "",
                            "artifacts.2731293239.packaging": "NONE",
                            "artifacts.2731293239.path": "",
                            "artifacts.2731293239.type": "CODEPIPELINE",
                            "badge_enabled": "false",
                            "badge_url": "",
                            "build_timeout": "10",
                            "cache.#": "1",
                            "cache.0.location": "",
                            "cache.0.type": "NO_CACHE",
                            "description": "",
                            "encryption_key": "arn:aws:kms:us-east-1:805382315593:alias/aws/s3",
                            "environment.#": "1",
                            "environment.364137728.certificate": "",
                            "environment.364137728.compute_type": "BUILD_GENERAL1_SMALL",
                            "environment.364137728.environment_variable.#": "0",
                            "environment.364137728.image": "aws/codebuild/ubuntu-base:14.04",
                            "environment.364137728.privileged_mode": "true",
                            "environment.364137728.type": "LINUX_CONTAINER",
                            "id": "arn:aws:codebuild:us-east-1:805382315593:project/hola-mundo-ecs-default-api-builds",
                            "name": "hola-mundo-ecs-default-api-builds",
                            "secondary_artifacts.#": "0",
                            "secondary_sources.#": "0",
                            "service_role": "arn:aws:iam::805382315593:role/hola-mundo-ecs-default-codebuild-role",
                            "source.#": "1",
                            "source.1721796512.auth.#": "0",
                            "source.1721796512.buildspec": "version: 0.2\n\nphases:\n  pre_build:\n    commands:\n      - apt-get update \u0026\u0026 apt-get install jq -y\n  post_build:\n    commands:\n      - REPOSITORY_URI=$(cat imageDetail.json | jq .ImageURI)\n      - printf '[{\"name\":\"api\",\"imageUri\":%s}]' $REPOSITORY_URI \u003e imagedefinitions.json\nartifacts:\n  files: imagedefinitions.json\n",
                            "source.1721796512.git_clone_depth": "0",
                            "source.1721796512.insecure_ssl": "false",
                            "source.1721796512.location": "",
                            "source.1721796512.report_build_status": "false",
                            "source.1721796512.type": "CODEPIPELINE",
                            "tags.%": "0",
                            "vpc_config.#": "0"
                        },
                        "meta": {},
                        "tainted": false
                    },
                    "deposed": [],
                    "provider": "provider.aws"
                },
                "aws_codepipeline.this": {
                    "type": "aws_codepipeline",
                    "depends_on": [
                        "aws_ecr_repository.this.*",
                        "aws_ecs_cluster.this",
                        "aws_ecs_service.this",
                        "aws_iam_role.codepipeline.*",
                        "aws_iam_role_policy.codebuild",
                        "aws_s3_bucket.this"
                    ],
                    "primary": {
                        "id": "hola-mundo-ecs-default-api-pipeline",
                        "attributes": {
                            "arn": "arn:aws:codepipeline:us-east-1:805382315593:hola-mundo-ecs-default-api-pipeline",
                            "artifact_store.#": "1",
                            "artifact_store.0.encryption_key.#": "0",
                            "artifact_store.0.location": "hola-mundo-ecs-default-builds",
                            "artifact_store.0.type": "S3",
                            "id": "hola-mundo-ecs-default-api-pipeline",
                            "name": "hola-mundo-ecs-default-api-pipeline",
                            "role_arn": "arn:aws:iam::805382315593:role/hola-mundo-ecs-default-api-codepipeline-role",
                            "stage.#": "3",
                            "stage.0.action.#": "1",
                            "stage.0.action.0.category": "Source",
                            "stage.0.action.0.configuration.%": "2",
                            "stage.0.action.0.configuration.ImageTag": "latest",
                            "stage.0.action.0.configuration.RepositoryName": "api-default",
                            "stage.0.action.0.input_artifacts.#": "0",
                            "stage.0.action.0.name": "Source",
                            "stage.0.action.0.output_artifacts.#": "1",
                            "stage.0.action.0.output_artifacts.0": "source",
                            "stage.0.action.0.owner": "AWS",
                            "stage.0.action.0.provider": "ECR",
                            "stage.0.action.0.role_arn": "",
                            "stage.0.action.0.run_order": "1",
                            "stage.0.action.0.version": "1",
                            "stage.0.name": "Source",
                            "stage.1.action.#": "1",
                            "stage.1.action.0.category": "Build",
                            "stage.1.action.0.configuration.%": "1",
                            "stage.1.action.0.configuration.ProjectName": "hola-mundo-ecs-default-api-builds",
                            "stage.1.action.0.input_artifacts.#": "1",
                            "stage.1.action.0.input_artifacts.0": "source",
                            "stage.1.action.0.name": "Build",
                            "stage.1.action.0.output_artifacts.#": "1",
                            "stage.1.action.0.output_artifacts.0": "imagedefinitions",
                            "stage.1.action.0.owner": "AWS",
                            "stage.1.action.0.provider": "CodeBuild",
                            "stage.1.action.0.role_arn": "",
                            "stage.1.action.0.run_order": "1",
                            "stage.1.action.0.version": "1",
                            "stage.1.name": "Build",
                            "stage.2.action.#": "1",
                            "stage.2.action.0.category": "Deploy",
                            "stage.2.action.0.configuration.%": "3",
                            "stage.2.action.0.configuration.ClusterName": "hola-mundo-ecs-default-cluster",
                            "stage.2.action.0.configuration.FileName": "imagedefinitions.json",
                            "stage.2.action.0.configuration.ServiceName": "api",
                            "stage.2.action.0.input_artifacts.#": "1",
                            "stage.2.action.0.input_artifacts.0": "imagedefinitions",
                            "stage.2.action.0.name": "Deploy",
                            "stage.2.action.0.output_artifacts.#": "0",
                            "stage.2.action.0.owner": "AWS",
                            "stage.2.action.0.provider": "ECS",
                            "stage.2.action.0.role_arn": "",
                            "stage.2.action.0.run_order": "1",
                            "stage.2.action.0.version": "1",
                            "stage.2.name": "Deploy"
                        },
                        "meta": {},
                        "tainted": false
                    },
                    "deposed": [],
                    "provider": "provider.aws"
                },
                "aws_ecr_lifecycle_policy.this": {
                    "type": "aws_ecr_lifecycle_policy",
                    "depends_on": [
                        "aws_ecr_repository.this.*",
                        "data.template_file.ecr-lifecycle.*"
                    ],
                    "primary": {
                        "id": "api-default",
                        "attributes": {
                            "id": "api-default",
                            "policy": "{\"rules\":[{\"rulePriority\":1,\"description\":\"Expire outdated tagged images\",\"selection\":{\"tagStatus\":\"any\",\"countType\":\"imageCountMoreThan\",\"countNumber\":20},\"action\":{\"type\":\"expire\"}}]}",
                            "registry_id": "805382315593",
                            "repository": "api-default"
                        },
                        "meta": {},
                        "tainted": false
                    },
                    "deposed": [],
                    "provider": "provider.aws"
                },
                "aws_ecr_repository.this": {
                    "type": "aws_ecr_repository",
                    "depends_on": [],
                    "primary": {
                        "id": "api-default",
                        "attributes": {
                            "arn": "arn:aws:ecr:us-east-1:805382315593:repository/api-default",
                            "id": "api-default",
                            "name": "api-default",
                            "registry_id": "805382315593",
                            "repository_url": "805382315593.dkr.ecr.us-east-1.amazonaws.com/api-default",
                            "tags.%": "0"
                        },
                        "meta": {
                            "e2bfb730-ecaa-11e6-8f88-34363bc7c4c0": {
                                "delete": 1200000000000
                            }
                        },
                        "tainted": false
                    },
                    "deposed": [],
                    "provider": "provider.aws"
                },
                "aws_ecs_cluster.this": {
                    "type": "aws_ecs_cluster",
                    "depends_on": [],
                    "primary": {
                        "id": "arn:aws:ecs:us-east-1:805382315593:cluster/hola-mundo-ecs-default-cluster",
                        "attributes": {
                            "arn": "arn:aws:ecs:us-east-1:805382315593:cluster/hola-mundo-ecs-default-cluster",
                            "id": "arn:aws:ecs:us-east-1:805382315593:cluster/hola-mundo-ecs-default-cluster",
                            "name": "hola-mundo-ecs-default-cluster",
                            "tags.%": "0"
                        },
                        "meta": {},
                        "tainted": false
                    },
                    "deposed": [],
                    "provider": "provider.aws"
                },
                "aws_ecs_service.this": {
                    "type": "aws_ecs_service",
                    "depends_on": [
                        "aws_ecs_cluster.this",
                        "aws_ecs_task_definition.this.*",
                        "aws_lb_listener.this",
                        "aws_lb_target_group.this",
                        "aws_lb_target_group.this.*",
                        "aws_security_group.services.*",
                        "data.aws_ecs_task_definition.this.*",
                        "module.vpc"
                    ],
                    "primary": {
                        "id": "arn:aws:ecs:us-east-1:805382315593:service/api",
                        "attributes": {
                            "cluster": "hola-mundo-ecs-default-cluster",
                            "deployment_controller.#": "1",
                            "deployment_controller.0.type": "ECS",
                            "deployment_maximum_percent": "200",
                            "deployment_minimum_healthy_percent": "100",
                            "desired_count": "3",
                            "enable_ecs_managed_tags": "false",
                            "health_check_grace_period_seconds": "0",
                            "iam_role": "aws-service-role",
                            "id": "arn:aws:ecs:us-east-1:805382315593:service/api",
                            "launch_type": "FARGATE",
                            "load_balancer.#": "1",
                            "load_balancer.2564003305.container_name": "api",
                            "load_balancer.2564003305.container_port": "3000",
                            "load_balancer.2564003305.elb_name": "",
                            "load_balancer.2564003305.target_group_arn": "arn:aws:elasticloadbalancing:us-east-1:805382315593:targetgroup/hola-mundo-ecs-api-b399/6217115b6223aef9",
                            "name": "api",
                            "network_configuration.#": "1",
                            "network_configuration.0.assign_public_ip": "true",
                            "network_configuration.0.security_groups.#": "1",
                            "network_configuration.0.security_groups.3155015424": "sg-02c600d1c789fb1ff",
                            "network_configuration.0.subnets.#": "3",
                            "network_configuration.0.subnets.2555247356": "subnet-0d9518ac5e816aa2e",
                            "network_configuration.0.subnets.337551609": "subnet-0548fd2f1fcd98d2d",
                            "network_configuration.0.subnets.697702604": "subnet-04c27f4d3c5b4e3b8",
                            "ordered_placement_strategy.#": "0",
                            "placement_constraints.#": "0",
                            "platform_version": "LATEST",
                            "propagate_tags": "NONE",
                            "scheduling_strategy": "REPLICA",
                            "service_registries.#": "0",
                            "tags.%": "0",
                            "task_definition": "hola-mundo-ecs-default-api:1"
                        },
                        "meta": {},
                        "tainted": false
                    },
                    "deposed": [],
                    "provider": "provider.aws"
                },
                "aws_ecs_task_definition.this": {
                    "type": "aws_ecs_task_definition",
                    "depends_on": [
                        "aws_iam_role.tasks",
                        "data.template_file.tasks.*"
                    ],
                    "primary": {
                        "id": "hola-mundo-ecs-default-api",
                        "attributes": {
                            "arn": "arn:aws:ecs:us-east-1:805382315593:task-definition/hola-mundo-ecs-default-api:1",
                            "container_definitions": "[{\"cpu\":0,\"environment\":[],\"essential\":true,\"image\":\"805382315593.dkr.ecr.us-east-1.amazonaws.com/api-default:latest\",\"logConfiguration\":{\"logDriver\":\"awslogs\",\"options\":{\"awslogs-group\":\"/ecs/hola-mundo-ecs-api\",\"awslogs-region\":\"us-east-1\",\"awslogs-stream-prefix\":\"ecs\"}},\"mountPoints\":[],\"name\":\"api\",\"portMappings\":[{\"containerPort\":3000,\"hostPort\":3000,\"protocol\":\"tcp\"}],\"volumesFrom\":[]}]",
                            "cpu": "256",
                            "execution_role_arn": "arn:aws:iam::805382315593:role/hola-mundo-ecs-default-task-execution-role",
                            "family": "hola-mundo-ecs-default-api",
                            "id": "hola-mundo-ecs-default-api",
                            "memory": "512",
                            "network_mode": "awsvpc",
                            "placement_constraints.#": "0",
                            "requires_compatibilities.#": "1",
                            "requires_compatibilities.3072437307": "FARGATE",
                            "revision": "1",
                            "tags.%": "0",
                            "task_role_arn": "arn:aws:iam::805382315593:role/hola-mundo-ecs-default-task-execution-role",
                            "volume.#": "0"
                        },
                        "meta": {
                            "schema_version": "1"
                        },
                        "tainted": false
                    },
                    "deposed": [],
                    "provider": "provider.aws"
                },
                "aws_iam_role.autoscaling": {
                    "type": "aws_iam_role",
                    "depends_on": [],
                    "primary": {
                        "id": "hola-mundo-ecs-default-appautoscaling-role",
                        "attributes": {
                            "arn": "arn:aws:iam::805382315593:role/hola-mundo-ecs-default-appautoscaling-role",
                            "assume_role_policy": "{\"Version\":\"2012-10-17\",\"Statement\":[{\"Effect\":\"Allow\",\"Principal\":{\"Service\":\"ecs.application-autoscaling.amazonaws.com\"},\"Action\":\"sts:AssumeRole\"}]}",
                            "create_date": "2019-06-18T11:29:57Z",
                            "description": "",
                            "force_detach_policies": "false",
                            "id": "hola-mundo-ecs-default-appautoscaling-role",
                            "max_session_duration": "3600",
                            "name": "hola-mundo-ecs-default-appautoscaling-role",
                            "path": "/",
                            "tags.%": "0",
                            "unique_id": "AROA3XBEG3ZE6F3FISKP3"
                        },
                        "meta": {},
                        "tainted": false
                    },
                    "deposed": [],
                    "provider": "provider.aws"
                },
                "aws_iam_role.codebuild": {
                    "type": "aws_iam_role",
                    "depends_on": [],
                    "primary": {
                        "id": "hola-mundo-ecs-default-codebuild-role",
                        "attributes": {
                            "arn": "arn:aws:iam::805382315593:role/hola-mundo-ecs-default-codebuild-role",
                            "assume_role_policy": "{\"Version\":\"2012-10-17\",\"Statement\":[{\"Effect\":\"Allow\",\"Principal\":{\"Service\":\"codebuild.amazonaws.com\"},\"Action\":\"sts:AssumeRole\"}]}",
                            "create_date": "2019-06-18T11:29:57Z",
                            "description": "",
                            "force_detach_policies": "false",
                            "id": "hola-mundo-ecs-default-codebuild-role",
                            "max_session_duration": "3600",
                            "name": "hola-mundo-ecs-default-codebuild-role",
                            "path": "/",
                            "tags.%": "0",
                            "unique_id": "AROA3XBEG3ZE7WQPYWZUY"
                        },
                        "meta": {},
                        "tainted": false
                    },
                    "deposed": [],
                    "provider": "provider.aws"
                },
                "aws_iam_role.codepipeline": {
                    "type": "aws_iam_role",
                    "depends_on": [],
                    "primary": {
                        "id": "hola-mundo-ecs-default-api-codepipeline-role",
                        "attributes": {
                            "arn": "arn:aws:iam::805382315593:role/hola-mundo-ecs-default-api-codepipeline-role",
                            "assume_role_policy": "{\"Version\":\"2012-10-17\",\"Statement\":[{\"Effect\":\"Allow\",\"Principal\":{\"Service\":\"codepipeline.amazonaws.com\"},\"Action\":\"sts:AssumeRole\"}]}",
                            "create_date": "2019-06-18T11:29:57Z",
                            "description": "",
                            "force_detach_policies": "false",
                            "id": "hola-mundo-ecs-default-api-codepipeline-role",
                            "max_session_duration": "3600",
                            "name": "hola-mundo-ecs-default-api-codepipeline-role",
                            "path": "/",
                            "tags.%": "0",
                            "unique_id": "AROA3XBEG3ZEUNWPVS6BW"
                        },
                        "meta": {},
                        "tainted": false
                    },
                    "deposed": [],
                    "provider": "provider.aws"
                },
                "aws_iam_role.events": {
                    "type": "aws_iam_role",
                    "depends_on": [],
                    "primary": {
                        "id": "hola-mundo-ecs-default-api-events-role",
                        "attributes": {
                            "arn": "arn:aws:iam::805382315593:role/hola-mundo-ecs-default-api-events-role",
                            "assume_role_policy": "{\"Version\":\"2012-10-17\",\"Statement\":[{\"Effect\":\"Allow\",\"Principal\":{\"Service\":\"events.amazonaws.com\"},\"Action\":\"sts:AssumeRole\"}]}",
                            "create_date": "2019-06-18T11:29:57Z",
                            "description": "",
                            "force_detach_policies": "false",
                            "id": "hola-mundo-ecs-default-api-events-role",
                            "max_session_duration": "3600",
                            "name": "hola-mundo-ecs-default-api-events-role",
                            "path": "/",
                            "tags.%": "0",
                            "unique_id": "AROA3XBEG3ZEX7DQW2CP2"
                        },
                        "meta": {},
                        "tainted": false
                    },
                    "deposed": [],
                    "provider": "provider.aws"
                },
                "aws_iam_role.tasks": {
                    "type": "aws_iam_role",
                    "depends_on": [],
                    "primary": {
                        "id": "hola-mundo-ecs-default-task-execution-role",
                        "attributes": {
                            "arn": "arn:aws:iam::805382315593:role/hola-mundo-ecs-default-task-execution-role",
                            "assume_role_policy": "{\"Version\":\"2012-10-17\",\"Statement\":[{\"Sid\":\"\",\"Effect\":\"Allow\",\"Principal\":{\"Service\":\"ecs-tasks.amazonaws.com\"},\"Action\":\"sts:AssumeRole\"}]}",
                            "create_date": "2019-06-18T11:29:57Z",
                            "description": "",
                            "force_detach_policies": "false",
                            "id": "hola-mundo-ecs-default-task-execution-role",
                            "max_session_duration": "3600",
                            "name": "hola-mundo-ecs-default-task-execution-role",
                            "path": "/",
                            "tags.%": "0",
                            "unique_id": "AROA3XBEG3ZERWZGF22EU"
                        },
                        "meta": {},
                        "tainted": false
                    },
                    "deposed": [],
                    "provider": "provider.aws"
                },
                "aws_iam_role_policy.autoscaling": {
                    "type": "aws_iam_role_policy",
                    "depends_on": [
                        "aws_iam_role.autoscaling"
                    ],
                    "primary": {
                        "id": "hola-mundo-ecs-default-appautoscaling-role:hola-mundo-ecs-default-appautoscaling-policy",
                        "attributes": {
                            "id": "hola-mundo-ecs-default-appautoscaling-role:hola-mundo-ecs-default-appautoscaling-policy",
                            "name": "hola-mundo-ecs-default-appautoscaling-policy",
                            "policy": "{\n  \"Version\": \"2012-10-17\",\n  \"Statement\": [\n      {\n          \"Effect\": \"Allow\",\n          \"Action\": [\n              \"ecs:DescribeServices\",\n              \"ecs:UpdateService\",\n              \"cloudwatch:PutMetricAlarm\",\n              \"cloudwatch:DescribeAlarms\",\n              \"cloudwatch:DeleteAlarms\"\n          ],\n          \"Resource\": [\n              \"*\"\n          ]\n      }\n  ]\n}\n",
                            "role": "hola-mundo-ecs-default-appautoscaling-role"
                        },
                        "meta": {},
                        "tainted": false
                    },
                    "deposed": [],
                    "provider": "provider.aws"
                },
                "aws_iam_role_policy.codebuild": {
                    "type": "aws_iam_role_policy",
                    "depends_on": [
                        "aws_iam_role.codebuild",
                        "data.template_file.codebuild"
                    ],
                    "primary": {
                        "id": "hola-mundo-ecs-default-codebuild-role:hola-mundo-ecs-default-codebuild-role-policy",
                        "attributes": {
                            "id": "hola-mundo-ecs-default-codebuild-role:hola-mundo-ecs-default-codebuild-role-policy",
                            "name": "hola-mundo-ecs-default-codebuild-role-policy",
                            "policy": "{\n  \"Version\": \"2012-10-17\",\n  \"Statement\": [\n    {\n      \"Effect\": \"Allow\",\n      \"Resource\": [\n        \"*\"\n      ],\n      \"Action\": [\n        \"logs:CreateLogGroup\",\n        \"logs:CreateLogStream\",\n        \"logs:PutLogEvents\",\n        \"ecr:GetAuthorizationToken\",\n        \"ecr:InitiateLayerUpload\",\n        \"ecr:UploadLayerPart\",\n        \"ecr:CompleteLayerUpload\",\n        \"ecr:BatchCheckLayerAvailability\",\n        \"ecr:PutImage\",\n        \"ecs:RunTask\",\n        \"iam:PassRole\"\n      ]\n    },\n    {\n      \"Effect\":\"Allow\",\n      \"Action\": [\n        \"s3:GetObject\",\n        \"s3:GetObjectVersion\",\n        \"s3:GetBucketVersioning\",\n        \"s3:List*\",\n        \"s3:PutObject\"\n      ],\n      \"Resource\": [\n        \"arn:aws:s3:::hola-mundo-ecs-default-builds\",\n        \"arn:aws:s3:::hola-mundo-ecs-default-builds/*\"\n      ]\n    }\n  ]\n}\n",
                            "role": "hola-mundo-ecs-default-codebuild-role"
                        },
                        "meta": {},
                        "tainted": false
                    },
                    "deposed": [],
                    "provider": "provider.aws"
                },
                "aws_iam_role_policy.codepipeline": {
                    "type": "aws_iam_role_policy",
                    "depends_on": [
                        "aws_iam_role.codepipeline.*",
                        "data.template_file.codepipeline.*"
                    ],
                    "primary": {
                        "id": "hola-mundo-ecs-default-api-codepipeline-role:hola-mundo-ecs-default-api-codepipeline-role-policy",
                        "attributes": {
                            "id": "hola-mundo-ecs-default-api-codepipeline-role:hola-mundo-ecs-default-api-codepipeline-role-policy",
                            "name": "hola-mundo-ecs-default-api-codepipeline-role-policy",
                            "policy": "{\n  \"Version\": \"2012-10-17\",\n  \"Statement\": [\n    {\n      \"Effect\":\"Allow\",\n      \"Action\": [\n        \"s3:GetObject\",\n        \"s3:GetObjectVersion\",\n        \"s3:GetBucketVersioning\",\n        \"s3:List*\",\n        \"s3:PutObject\"\n      ],\n      \"Resource\": [\n        \"arn:aws:s3:::hola-mundo-ecs-default-builds\",\n        \"arn:aws:s3:::hola-mundo-ecs-default-builds/*\"\n      ]\n    },\n    {\n      \"Effect\": \"Allow\",\n      \"Action\": [\n        \"codebuild:BatchGetBuilds\",\n        \"codebuild:StartBuild\"\n      ],\n      \"Resource\": \"*\"\n    },\n    {\n      \"Effect\": \"Allow\",\n      \"Action\": [\n        \"ecr:DescribeImages\"\n      ],\n      \"Resource\": [\n        \"arn:aws:ecr:us-east-1:805382315593:repository/api-default\"\n      ]\n    },\n    {\n      \"Action\": [\n        \"ecs:*\",\n        \"events:DescribeRule\",\n        \"events:DeleteRule\",\n        \"events:ListRuleNamesByTarget\",\n        \"events:ListTargetsByRule\",\n        \"events:PutRule\",\n        \"events:PutTargets\",\n        \"events:RemoveTargets\",\n        \"iam:ListAttachedRolePolicies\",\n        \"iam:ListInstanceProfiles\",\n        \"iam:ListRoles\",\n        \"logs:CreateLogGroup\",\n        \"logs:DescribeLogGroups\",\n        \"logs:FilterLogEvents\"\n      ],\n      \"Resource\": \"*\",\n      \"Effect\": \"Allow\"\n    },\n    {\n      \"Action\": \"iam:PassRole\",\n      \"Effect\": \"Allow\",\n      \"Resource\": [\n        \"*\"\n      ],\n      \"Condition\": {\n        \"StringLike\": {\n          \"iam:PassedToService\": \"ecs-tasks.amazonaws.com\"\n        }\n      }\n    },\n    {\n      \"Action\": \"iam:PassRole\",\n      \"Effect\": \"Allow\",\n      \"Resource\": [\n        \"arn:aws:iam::*:role/ecsInstanceRole*\"\n      ],\n      \"Condition\": {\n        \"StringLike\": {\n          \"iam:PassedToService\": [\n            \"ec2.amazonaws.com\",\n            \"ec2.amazonaws.com.cn\"\n          ]\n        }\n      }\n    },\n    {\n      \"Action\": \"iam:PassRole\",\n      \"Effect\": \"Allow\",\n      \"Resource\": [\n        \"arn:aws:iam::*:role/ecsAutoscaleRole*\"\n      ],\n      \"Condition\": {\n        \"StringLike\": {\n          \"iam:PassedToService\": [\n            \"application-autoscaling.amazonaws.com\",\n            \"application-autoscaling.amazonaws.com.cn\"\n          ]\n        }\n      }\n    },\n    {\n      \"Effect\": \"Allow\",\n      \"Action\": \"iam:CreateServiceLinkedRole\",\n      \"Resource\": \"*\",\n      \"Condition\": {\n        \"StringLike\": {\n          \"iam:AWSServiceName\": [\n            \"ecs.amazonaws.com\",\n            \"spot.amazonaws.com\",\n            \"spotfleet.amazonaws.com\"\n          ]\n        }\n      }\n    }\n  ]\n}\n",
                            "role": "hola-mundo-ecs-default-api-codepipeline-role"
                        },
                        "meta": {},
                        "tainted": false
                    },
                    "deposed": [],
                    "provider": "provider.aws"
                },
                "aws_iam_role_policy.events": {
                    "type": "aws_iam_role_policy",
                    "depends_on": [
                        "aws_iam_role.events.*",
                        "data.template_file.events.*"
                    ],
                    "primary": {
                        "id": "hola-mundo-ecs-default-api-events-role:hola-mundo-ecs-default-api-events-role-policy",
                        "attributes": {
                            "id": "hola-mundo-ecs-default-api-events-role:hola-mundo-ecs-default-api-events-role-policy",
                            "name": "hola-mundo-ecs-default-api-events-role-policy",
                            "policy": "{\n  \"Version\": \"2012-10-17\",\n  \"Statement\": [\n      {\n          \"Effect\": \"Allow\",\n          \"Action\": [\n              \"codepipeline:StartPipelineExecution\"\n          ],\n          \"Resource\": [\n            \"arn:aws:codepipeline:us-east-1:805382315593:hola-mundo-ecs-default-api-pipeline\"\n          ]\n      }\n  ]\n}\n",
                            "role": "hola-mundo-ecs-default-api-events-role"
                        },
                        "meta": {},
                        "tainted": false
                    },
                    "deposed": [],
                    "provider": "provider.aws"
                },
                "aws_iam_role_policy.tasks": {
                    "type": "aws_iam_role_policy",
                    "depends_on": [
                        "aws_iam_role.tasks"
                    ],
                    "primary": {
                        "id": "hola-mundo-ecs-default-task-execution-role:hola-mundo-ecs-default-task-execution-policy",
                        "attributes": {
                            "id": "hola-mundo-ecs-default-task-execution-role:hola-mundo-ecs-default-task-execution-policy",
                            "name": "hola-mundo-ecs-default-task-execution-policy",
                            "policy": "{\n  \"Version\": \"2012-10-17\",\n  \"Statement\": [\n      {\n          \"Effect\": \"Allow\",\n          \"Action\": [\n              \"ecr:GetAuthorizationToken\",\n              \"ecr:BatchCheckLayerAvailability\",\n              \"ecr:GetDownloadUrlForLayer\",\n              \"ecr:BatchGetImage\",\n              \"logs:CreateLogStream\",\n              \"logs:PutLogEvents\"\n          ],\n          \"Resource\": \"*\"\n      }\n  ]\n}\n",
                            "role": "hola-mundo-ecs-default-task-execution-role"
                        },
                        "meta": {},
                        "tainted": false
                    },
                    "deposed": [],
                    "provider": "provider.aws"
                },
                "aws_lb.this": {
                    "type": "aws_lb",
                    "depends_on": [
                        "aws_security_group.web",
                        "data.aws_availability_zones.this",
                        "module.vpc"
                    ],
                    "primary": {
                        "id": "arn:aws:elasticloadbalancing:us-east-1:805382315593:loadbalancer/app/hola-mundo-ecs-default-api-alb/20e588d5c4d42036",
                        "attributes": {
                            "access_logs.#": "0",
                            "arn": "arn:aws:elasticloadbalancing:us-east-1:805382315593:loadbalancer/app/hola-mundo-ecs-default-api-alb/20e588d5c4d42036",
                            "arn_suffix": "app/hola-mundo-ecs-default-api-alb/20e588d5c4d42036",
                            "dns_name": "hola-mundo-ecs-default-api-alb-1217233476.us-east-1.elb.amazonaws.com",
                            "enable_deletion_protection": "false",
                            "enable_http2": "true",
                            "id": "arn:aws:elasticloadbalancing:us-east-1:805382315593:loadbalancer/app/hola-mundo-ecs-default-api-alb/20e588d5c4d42036",
                            "idle_timeout": "60",
                            "internal": "false",
                            "ip_address_type": "ipv4",
                            "load_balancer_type": "application",
                            "name": "hola-mundo-ecs-default-api-alb",
                            "security_groups.#": "1",
                            "security_groups.1130788742": "sg-0bf9e9016ebe3f66f",
                            "subnet_mapping.#": "0",
                            "subnets.#": "3",
                            "subnets.2555247356": "subnet-0d9518ac5e816aa2e",
                            "subnets.337551609": "subnet-0548fd2f1fcd98d2d",
                            "subnets.697702604": "subnet-04c27f4d3c5b4e3b8",
                            "tags.%": "0",
                            "vpc_id": "vpc-0e16de032dafeb047",
                            "zone_id": "Z35SXDOTRQ7X7K"
                        },
                        "meta": {
                            "e2bfb730-ecaa-11e6-8f88-34363bc7c4c0": {
                                "create": 600000000000,
                                "delete": 600000000000,
                                "update": 600000000000
                            }
                        },
                        "tainted": false
                    },
                    "deposed": [],
                    "provider": "provider.aws"
                },
                "aws_lb_listener.this": {
                    "type": "aws_lb_listener",
                    "depends_on": [
                        "aws_lb.this.*",
                        "aws_lb_target_group.this",
                        "aws_lb_target_group.this.*"
                    ],
                    "primary": {
                        "id": "arn:aws:elasticloadbalancing:us-east-1:805382315593:listener/app/hola-mundo-ecs-default-api-alb/20e588d5c4d42036/a4a16e7eb46b6fd9",
                        "attributes": {
                            "arn": "arn:aws:elasticloadbalancing:us-east-1:805382315593:listener/app/hola-mundo-ecs-default-api-alb/20e588d5c4d42036/a4a16e7eb46b6fd9",
                            "default_action.#": "1",
                            "default_action.0.authenticate_cognito.#": "0",
                            "default_action.0.authenticate_oidc.#": "0",
                            "default_action.0.fixed_response.#": "0",
                            "default_action.0.order": "1",
                            "default_action.0.redirect.#": "0",
                            "default_action.0.target_group_arn": "arn:aws:elasticloadbalancing:us-east-1:805382315593:targetgroup/hola-mundo-ecs-api-b399/6217115b6223aef9",
                            "default_action.0.type": "forward",
                            "id": "arn:aws:elasticloadbalancing:us-east-1:805382315593:listener/app/hola-mundo-ecs-default-api-alb/20e588d5c4d42036/a4a16e7eb46b6fd9",
                            "load_balancer_arn": "arn:aws:elasticloadbalancing:us-east-1:805382315593:loadbalancer/app/hola-mundo-ecs-default-api-alb/20e588d5c4d42036",
                            "port": "80",
                            "protocol": "HTTP",
                            "ssl_policy": ""
                        },
                        "meta": {
                            "e2bfb730-ecaa-11e6-8f88-34363bc7c4c0": {
                                "read": 600000000000
                            }
                        },
                        "tainted": false
                    },
                    "deposed": [],
                    "provider": "provider.aws"
                },
                "aws_lb_target_group.this": {
                    "type": "aws_lb_target_group",
                    "depends_on": [
                        "module.vpc",
                        "random_id.target_group_sufix.*"
                    ],
                    "primary": {
                        "id": "arn:aws:elasticloadbalancing:us-east-1:805382315593:targetgroup/hola-mundo-ecs-api-b399/6217115b6223aef9",
                        "attributes": {
                            "arn": "arn:aws:elasticloadbalancing:us-east-1:805382315593:targetgroup/hola-mundo-ecs-api-b399/6217115b6223aef9",
                            "arn_suffix": "targetgroup/hola-mundo-ecs-api-b399/6217115b6223aef9",
                            "deregistration_delay": "300",
                            "health_check.#": "1",
                            "health_check.0.healthy_threshold": "3",
                            "health_check.0.interval": "30",
                            "health_check.0.matcher": "200-299",
                            "health_check.0.path": "/",
                            "health_check.0.port": "traffic-port",
                            "health_check.0.protocol": "HTTP",
                            "health_check.0.timeout": "5",
                            "health_check.0.unhealthy_threshold": "3",
                            "id": "arn:aws:elasticloadbalancing:us-east-1:805382315593:targetgroup/hola-mundo-ecs-api-b399/6217115b6223aef9",
                            "name": "hola-mundo-ecs-api-b399",
                            "port": "3000",
                            "protocol": "HTTP",
                            "proxy_protocol_v2": "false",
                            "slow_start": "0",
                            "stickiness.#": "1",
                            "stickiness.0.cookie_duration": "86400",
                            "stickiness.0.enabled": "false",
                            "stickiness.0.type": "lb_cookie",
                            "tags.%": "0",
                            "target_type": "ip",
                            "vpc_id": "vpc-0e16de032dafeb047"
                        },
                        "meta": {},
                        "tainted": false
                    },
                    "deposed": [],
                    "provider": "provider.aws"
                },
                "aws_s3_bucket.this": {
                    "type": "aws_s3_bucket",
                    "depends_on": [],
                    "primary": {
                        "id": "hola-mundo-ecs-default-builds",
                        "attributes": {
                            "acceleration_status": "",
                            "acl": "private",
                            "arn": "arn:aws:s3:::hola-mundo-ecs-default-builds",
                            "bucket": "hola-mundo-ecs-default-builds",
                            "bucket_domain_name": "hola-mundo-ecs-default-builds.s3.amazonaws.com",
                            "bucket_regional_domain_name": "hola-mundo-ecs-default-builds.s3.amazonaws.com",
                            "cors_rule.#": "0",
                            "force_destroy": "true",
                            "hosted_zone_id": "Z3AQBSTGFYJSTF",
                            "id": "hola-mundo-ecs-default-builds",
                            "lifecycle_rule.#": "0",
                            "logging.#": "0",
                            "region": "us-east-1",
                            "replication_configuration.#": "0",
                            "request_payer": "BucketOwner",
                            "server_side_encryption_configuration.#": "0",
                            "tags.%": "0",
                            "versioning.#": "1",
                            "versioning.0.enabled": "false",
                            "versioning.0.mfa_delete": "false",
                            "website.#": "0"
                        },
                        "meta": {},
                        "tainted": false
                    },
                    "deposed": [],
                    "provider": "provider.aws"
                },
                "aws_security_group.services": {
                    "type": "aws_security_group",
                    "depends_on": [
                        "module.vpc"
                    ],
                    "primary": {
                        "id": "sg-02c600d1c789fb1ff",
                        "attributes": {
                            "arn": "arn:aws:ec2:us-east-1:805382315593:security-group/sg-02c600d1c789fb1ff",
                            "description": "Managed by Terraform",
                            "egress.#": "0",
                            "id": "sg-02c600d1c789fb1ff",
                            "ingress.#": "0",
                            "name": "hola-mundo-ecs-api-default-services-sg",
                            "owner_id": "805382315593",
                            "revoke_rules_on_delete": "false",
                            "tags.%": "0",
                            "vpc_id": "vpc-0e16de032dafeb047"
                        },
                        "meta": {
                            "e2bfb730-ecaa-11e6-8f88-34363bc7c4c0": {
                                "create": 600000000000,
                                "delete": 600000000000
                            },
                            "schema_version": "1"
                        },
                        "tainted": false
                    },
                    "deposed": [],
                    "provider": "provider.aws"
                },
                "aws_security_group.web": {
                    "type": "aws_security_group",
                    "depends_on": [
                        "module.vpc"
                    ],
                    "primary": {
                        "id": "sg-0bf9e9016ebe3f66f",
                        "attributes": {
                            "arn": "arn:aws:ec2:us-east-1:805382315593:security-group/sg-0bf9e9016ebe3f66f",
                            "description": "Managed by Terraform",
                            "egress.#": "0",
                            "id": "sg-0bf9e9016ebe3f66f",
                            "ingress.#": "0",
                            "name": "hola-mundo-ecs-default-web-sg",
                            "owner_id": "805382315593",
                            "revoke_rules_on_delete": "false",
                            "tags.%": "0",
                            "vpc_id": "vpc-0e16de032dafeb047"
                        },
                        "meta": {
                            "e2bfb730-ecaa-11e6-8f88-34363bc7c4c0": {
                                "create": 600000000000,
                                "delete": 600000000000
                            },
                            "schema_version": "1"
                        },
                        "tainted": false
                    },
                    "deposed": [],
                    "provider": "provider.aws"
                },
                "aws_security_group_rule.services_egress": {
                    "type": "aws_security_group_rule",
                    "depends_on": [
                        "aws_security_group.services.*"
                    ],
                    "primary": {
                        "id": "sgrule-4290280998",
                        "attributes": {
                            "cidr_blocks.#": "1",
                            "cidr_blocks.0": "0.0.0.0/0",
                            "from_port": "0",
                            "id": "sgrule-4290280998",
                            "protocol": "-1",
                            "security_group_id": "sg-02c600d1c789fb1ff",
                            "self": "false",
                            "to_port": "0",
                            "type": "egress"
                        },
                        "meta": {
                            "schema_version": "2"
                        },
                        "tainted": false
                    },
                    "deposed": [],
                    "provider": "provider.aws"
                },
                "aws_security_group_rule.services_ingress": {
                    "type": "aws_security_group_rule",
                    "depends_on": [
                        "aws_security_group.services.*",
                        "aws_security_group.web"
                    ],
                    "primary": {
                        "id": "sgrule-2249782528",
                        "attributes": {
                            "from_port": "3000",
                            "id": "sgrule-2249782528",
                            "protocol": "tcp",
                            "security_group_id": "sg-02c600d1c789fb1ff",
                            "self": "false",
                            "source_security_group_id": "sg-0bf9e9016ebe3f66f",
                            "to_port": "3000",
                            "type": "ingress"
                        },
                        "meta": {
                            "schema_version": "2"
                        },
                        "tainted": false
                    },
                    "deposed": [],
                    "provider": "provider.aws"
                },
                "aws_security_group_rule.web_egress": {
                    "type": "aws_security_group_rule",
                    "depends_on": [
                        "aws_security_group.web"
                    ],
                    "primary": {
                        "id": "sgrule-892916168",
                        "attributes": {
                            "cidr_blocks.#": "1",
                            "cidr_blocks.0": "0.0.0.0/0",
                            "from_port": "0",
                            "id": "sgrule-892916168",
                            "protocol": "-1",
                            "security_group_id": "sg-0bf9e9016ebe3f66f",
                            "self": "false",
                            "to_port": "0",
                            "type": "egress"
                        },
                        "meta": {
                            "schema_version": "2"
                        },
                        "tainted": false
                    },
                    "deposed": [],
                    "provider": "provider.aws"
                },
                "aws_security_group_rule.web_ingress_http": {
                    "type": "aws_security_group_rule",
                    "depends_on": [
                        "aws_security_group.web"
                    ],
                    "primary": {
                        "id": "sgrule-3739001470",
                        "attributes": {
                            "cidr_blocks.#": "1",
                            "cidr_blocks.0": "0.0.0.0/0",
                            "from_port": "80",
                            "id": "sgrule-3739001470",
                            "protocol": "tcp",
                            "security_group_id": "sg-0bf9e9016ebe3f66f",
                            "self": "false",
                            "to_port": "80",
                            "type": "ingress"
                        },
                        "meta": {
                            "schema_version": "2"
                        },
                        "tainted": false
                    },
                    "deposed": [],
                    "provider": "provider.aws"
                },
                "aws_security_group_rule.web_ingress_https": {
                    "type": "aws_security_group_rule",
                    "depends_on": [
                        "aws_security_group.web"
                    ],
                    "primary": {
                        "id": "sgrule-793193106",
                        "attributes": {
                            "cidr_blocks.#": "1",
                            "cidr_blocks.0": "0.0.0.0/0",
                            "from_port": "443",
                            "id": "sgrule-793193106",
                            "protocol": "tcp",
                            "security_group_id": "sg-0bf9e9016ebe3f66f",
                            "self": "false",
                            "to_port": "443",
                            "type": "ingress"
                        },
                        "meta": {
                            "schema_version": "2"
                        },
                        "tainted": false
                    },
                    "deposed": [],
                    "provider": "provider.aws"
                },
                "data.aws_availability_zones.this": {
                    "type": "aws_availability_zones",
                    "depends_on": [],
                    "primary": {
                        "id": "2019-06-18 11:29:47.942482027 +0000 UTC",
                        "attributes": {
                            "id": "2019-06-18 11:29:47.942482027 +0000 UTC",
                            "names.#": "6",
                            "names.0": "us-east-1a",
                            "names.1": "us-east-1b",
                            "names.2": "us-east-1c",
                            "names.3": "us-east-1d",
                            "names.4": "us-east-1e",
                            "names.5": "us-east-1f",
                            "zone_ids.#": "6",
                            "zone_ids.0": "use1-az6",
                            "zone_ids.1": "use1-az1",
                            "zone_ids.2": "use1-az2",
                            "zone_ids.3": "use1-az4",
                            "zone_ids.4": "use1-az3",
                            "zone_ids.5": "use1-az5"
                        },
                        "meta": {},
                        "tainted": false
                    },
                    "deposed": [],
                    "provider": "provider.aws"
                },
                "data.aws_ecs_task_definition.this": {
                    "type": "aws_ecs_task_definition",
                    "depends_on": [
                        "aws_ecs_task_definition.this.*"
                    ],
                    "primary": {
                        "id": "arn:aws:ecs:us-east-1:805382315593:task-definition/hola-mundo-ecs-default-api:1",
                        "attributes": {
                            "family": "hola-mundo-ecs-default-api",
                            "id": "arn:aws:ecs:us-east-1:805382315593:task-definition/hola-mundo-ecs-default-api:1",
                            "network_mode": "awsvpc",
                            "revision": "1",
                            "status": "ACTIVE",
                            "task_definition": "hola-mundo-ecs-default-api",
                            "task_role_arn": "arn:aws:iam::805382315593:role/hola-mundo-ecs-default-task-execution-role"
                        },
                        "meta": {},
                        "tainted": false
                    },
                    "deposed": [],
                    "provider": "provider.aws"
                },
                "data.aws_region.current": {
                    "type": "aws_region",
                    "depends_on": [],
                    "primary": {
                        "id": "us-east-1",
                        "attributes": {
                            "current": "true",
                            "description": "US East (N. Virginia)",
                            "endpoint": "ec2.us-east-1.amazonaws.com",
                            "id": "us-east-1",
                            "name": "us-east-1"
                        },
                        "meta": {},
                        "tainted": false
                    },
                    "deposed": [],
                    "provider": "provider.aws"
                },
                "data.template_file.buildspec": {
                    "type": "template_file",
                    "depends_on": [],
                    "primary": {
                        "id": "746bbf6b21931af38c58c766094f98de65b9095e7e945b2dd1b1ff0abdb05dd8",
                        "attributes": {
                            "id": "746bbf6b21931af38c58c766094f98de65b9095e7e945b2dd1b1ff0abdb05dd8",
                            "rendered": "version: 0.2\n\nphases:\n  pre_build:\n    commands:\n      - apt-get update \u0026\u0026 apt-get install jq -y\n  post_build:\n    commands:\n      - REPOSITORY_URI=$(cat imageDetail.json | jq .ImageURI)\n      - printf '[{\"name\":\"api\",\"imageUri\":%s}]' $REPOSITORY_URI \u003e imagedefinitions.json\nartifacts:\n  files: imagedefinitions.json\n",
                            "template": "version: 0.2\n\nphases:\n  pre_build:\n    commands:\n      - apt-get update \u0026\u0026 apt-get install jq -y\n  post_build:\n    commands:\n      - REPOSITORY_URI=$(cat imageDetail.json | jq .ImageURI)\n      - printf '[{\"name\":\"${container_name}\",\"imageUri\":%s}]' $REPOSITORY_URI \u003e imagedefinitions.json\nartifacts:\n  files: imagedefinitions.json\n",
                            "vars.%": "1",
                            "vars.container_name": "api"
                        },
                        "meta": {},
                        "tainted": false
                    },
                    "deposed": [],
                    "provider": "module.fargate.provider.template"
                },
                "data.template_file.codebuild": {
                    "type": "template_file",
                    "depends_on": [
                        "aws_s3_bucket.this"
                    ],
                    "primary": {
                        "id": "f09dfabd0bef99c90c21a6662dbf5c54be837e769f874e5ead2afc166a298157",
                        "attributes": {
                            "id": "f09dfabd0bef99c90c21a6662dbf5c54be837e769f874e5ead2afc166a298157",
                            "rendered": "{\n  \"Version\": \"2012-10-17\",\n  \"Statement\": [\n    {\n      \"Effect\": \"Allow\",\n      \"Resource\": [\n        \"*\"\n      ],\n      \"Action\": [\n        \"logs:CreateLogGroup\",\n        \"logs:CreateLogStream\",\n        \"logs:PutLogEvents\",\n        \"ecr:GetAuthorizationToken\",\n        \"ecr:InitiateLayerUpload\",\n        \"ecr:UploadLayerPart\",\n        \"ecr:CompleteLayerUpload\",\n        \"ecr:BatchCheckLayerAvailability\",\n        \"ecr:PutImage\",\n        \"ecs:RunTask\",\n        \"iam:PassRole\"\n      ]\n    },\n    {\n      \"Effect\":\"Allow\",\n      \"Action\": [\n        \"s3:GetObject\",\n        \"s3:GetObjectVersion\",\n        \"s3:GetBucketVersioning\",\n        \"s3:List*\",\n        \"s3:PutObject\"\n      ],\n      \"Resource\": [\n        \"arn:aws:s3:::hola-mundo-ecs-default-builds\",\n        \"arn:aws:s3:::hola-mundo-ecs-default-builds/*\"\n      ]\n    }\n  ]\n}\n",
                            "template": "{\n  \"Version\": \"2012-10-17\",\n  \"Statement\": [\n    {\n      \"Effect\": \"Allow\",\n      \"Resource\": [\n        \"*\"\n      ],\n      \"Action\": [\n        \"logs:CreateLogGroup\",\n        \"logs:CreateLogStream\",\n        \"logs:PutLogEvents\",\n        \"ecr:GetAuthorizationToken\",\n        \"ecr:InitiateLayerUpload\",\n        \"ecr:UploadLayerPart\",\n        \"ecr:CompleteLayerUpload\",\n        \"ecr:BatchCheckLayerAvailability\",\n        \"ecr:PutImage\",\n        \"ecs:RunTask\",\n        \"iam:PassRole\"\n      ]\n    },\n    {\n      \"Effect\":\"Allow\",\n      \"Action\": [\n        \"s3:GetObject\",\n        \"s3:GetObjectVersion\",\n        \"s3:GetBucketVersioning\",\n        \"s3:List*\",\n        \"s3:PutObject\"\n      ],\n      \"Resource\": [\n        \"${aws_s3_bucket_arn}\",\n        \"${aws_s3_bucket_arn}/*\"\n      ]\n    }\n  ]\n}\n",
                            "vars.%": "1",
                            "vars.aws_s3_bucket_arn": "arn:aws:s3:::hola-mundo-ecs-default-builds"
                        },
                        "meta": {},
                        "tainted": false
                    },
                    "deposed": [],
                    "provider": "module.fargate.provider.template"
                },
                "data.template_file.codepipeline": {
                    "type": "template_file",
                    "depends_on": [
                        "aws_ecr_repository.this.*",
                        "aws_s3_bucket.this"
                    ],
                    "primary": {
                        "id": "7f1e2c6c6f35ee8ae0c6b331ac7208dfb3d0dd943938c57e60afe35a4451679f",
                        "attributes": {
                            "id": "7f1e2c6c6f35ee8ae0c6b331ac7208dfb3d0dd943938c57e60afe35a4451679f",
                            "rendered": "{\n  \"Version\": \"2012-10-17\",\n  \"Statement\": [\n    {\n      \"Effect\":\"Allow\",\n      \"Action\": [\n        \"s3:GetObject\",\n        \"s3:GetObjectVersion\",\n        \"s3:GetBucketVersioning\",\n        \"s3:List*\",\n        \"s3:PutObject\"\n      ],\n      \"Resource\": [\n        \"arn:aws:s3:::hola-mundo-ecs-default-builds\",\n        \"arn:aws:s3:::hola-mundo-ecs-default-builds/*\"\n      ]\n    },\n    {\n      \"Effect\": \"Allow\",\n      \"Action\": [\n        \"codebuild:BatchGetBuilds\",\n        \"codebuild:StartBuild\"\n      ],\n      \"Resource\": \"*\"\n    },\n    {\n      \"Effect\": \"Allow\",\n      \"Action\": [\n        \"ecr:DescribeImages\"\n      ],\n      \"Resource\": [\n        \"arn:aws:ecr:us-east-1:805382315593:repository/api-default\"\n      ]\n    },\n    {\n      \"Action\": [\n        \"ecs:*\",\n        \"events:DescribeRule\",\n        \"events:DeleteRule\",\n        \"events:ListRuleNamesByTarget\",\n        \"events:ListTargetsByRule\",\n        \"events:PutRule\",\n        \"events:PutTargets\",\n        \"events:RemoveTargets\",\n        \"iam:ListAttachedRolePolicies\",\n        \"iam:ListInstanceProfiles\",\n        \"iam:ListRoles\",\n        \"logs:CreateLogGroup\",\n        \"logs:DescribeLogGroups\",\n        \"logs:FilterLogEvents\"\n      ],\n      \"Resource\": \"*\",\n      \"Effect\": \"Allow\"\n    },\n    {\n      \"Action\": \"iam:PassRole\",\n      \"Effect\": \"Allow\",\n      \"Resource\": [\n        \"*\"\n      ],\n      \"Condition\": {\n        \"StringLike\": {\n          \"iam:PassedToService\": \"ecs-tasks.amazonaws.com\"\n        }\n      }\n    },\n    {\n      \"Action\": \"iam:PassRole\",\n      \"Effect\": \"Allow\",\n      \"Resource\": [\n        \"arn:aws:iam::*:role/ecsInstanceRole*\"\n      ],\n      \"Condition\": {\n        \"StringLike\": {\n          \"iam:PassedToService\": [\n            \"ec2.amazonaws.com\",\n            \"ec2.amazonaws.com.cn\"\n          ]\n        }\n      }\n    },\n    {\n      \"Action\": \"iam:PassRole\",\n      \"Effect\": \"Allow\",\n      \"Resource\": [\n        \"arn:aws:iam::*:role/ecsAutoscaleRole*\"\n      ],\n      \"Condition\": {\n        \"StringLike\": {\n          \"iam:PassedToService\": [\n            \"application-autoscaling.amazonaws.com\",\n            \"application-autoscaling.amazonaws.com.cn\"\n          ]\n        }\n      }\n    },\n    {\n      \"Effect\": \"Allow\",\n      \"Action\": \"iam:CreateServiceLinkedRole\",\n      \"Resource\": \"*\",\n      \"Condition\": {\n        \"StringLike\": {\n          \"iam:AWSServiceName\": [\n            \"ecs.amazonaws.com\",\n            \"spot.amazonaws.com\",\n            \"spotfleet.amazonaws.com\"\n          ]\n        }\n      }\n    }\n  ]\n}\n",
                            "template": "{\n  \"Version\": \"2012-10-17\",\n  \"Statement\": [\n    {\n      \"Effect\":\"Allow\",\n      \"Action\": [\n        \"s3:GetObject\",\n        \"s3:GetObjectVersion\",\n        \"s3:GetBucketVersioning\",\n        \"s3:List*\",\n        \"s3:PutObject\"\n      ],\n      \"Resource\": [\n        \"${aws_s3_bucket_arn}\",\n        \"${aws_s3_bucket_arn}/*\"\n      ]\n    },\n    {\n      \"Effect\": \"Allow\",\n      \"Action\": [\n        \"codebuild:BatchGetBuilds\",\n        \"codebuild:StartBuild\"\n      ],\n      \"Resource\": \"*\"\n    },\n    {\n      \"Effect\": \"Allow\",\n      \"Action\": [\n        \"ecr:DescribeImages\"\n      ],\n      \"Resource\": [\n        \"${ecr_repository_arn}\"\n      ]\n    },\n    {\n      \"Action\": [\n        \"ecs:*\",\n        \"events:DescribeRule\",\n        \"events:DeleteRule\",\n        \"events:ListRuleNamesByTarget\",\n        \"events:ListTargetsByRule\",\n        \"events:PutRule\",\n        \"events:PutTargets\",\n        \"events:RemoveTargets\",\n        \"iam:ListAttachedRolePolicies\",\n        \"iam:ListInstanceProfiles\",\n        \"iam:ListRoles\",\n        \"logs:CreateLogGroup\",\n        \"logs:DescribeLogGroups\",\n        \"logs:FilterLogEvents\"\n      ],\n      \"Resource\": \"*\",\n      \"Effect\": \"Allow\"\n    },\n    {\n      \"Action\": \"iam:PassRole\",\n      \"Effect\": \"Allow\",\n      \"Resource\": [\n        \"*\"\n      ],\n      \"Condition\": {\n        \"StringLike\": {\n          \"iam:PassedToService\": \"ecs-tasks.amazonaws.com\"\n        }\n      }\n    },\n    {\n      \"Action\": \"iam:PassRole\",\n      \"Effect\": \"Allow\",\n      \"Resource\": [\n        \"arn:aws:iam::*:role/ecsInstanceRole*\"\n      ],\n      \"Condition\": {\n        \"StringLike\": {\n          \"iam:PassedToService\": [\n            \"ec2.amazonaws.com\",\n            \"ec2.amazonaws.com.cn\"\n          ]\n        }\n      }\n    },\n    {\n      \"Action\": \"iam:PassRole\",\n      \"Effect\": \"Allow\",\n      \"Resource\": [\n        \"arn:aws:iam::*:role/ecsAutoscaleRole*\"\n      ],\n      \"Condition\": {\n        \"StringLike\": {\n          \"iam:PassedToService\": [\n            \"application-autoscaling.amazonaws.com\",\n            \"application-autoscaling.amazonaws.com.cn\"\n          ]\n        }\n      }\n    },\n    {\n      \"Effect\": \"Allow\",\n      \"Action\": \"iam:CreateServiceLinkedRole\",\n      \"Resource\": \"*\",\n      \"Condition\": {\n        \"StringLike\": {\n          \"iam:AWSServiceName\": [\n            \"ecs.amazonaws.com\",\n            \"spot.amazonaws.com\",\n            \"spotfleet.amazonaws.com\"\n          ]\n        }\n      }\n    }\n  ]\n}\n",
                            "vars.%": "2",
                            "vars.aws_s3_bucket_arn": "arn:aws:s3:::hola-mundo-ecs-default-builds",
                            "vars.ecr_repository_arn": "arn:aws:ecr:us-east-1:805382315593:repository/api-default"
                        },
                        "meta": {},
                        "tainted": false
                    },
                    "deposed": [],
                    "provider": "module.fargate.provider.template"
                },
                "data.template_file.ecr-lifecycle": {
                    "type": "template_file",
                    "depends_on": [],
                    "primary": {
                        "id": "30a208929fb7af6e94c5fee5a2bb6cb6f56602fb069deeef2d72cfb6df0ed9bb",
                        "attributes": {
                            "id": "30a208929fb7af6e94c5fee5a2bb6cb6f56602fb069deeef2d72cfb6df0ed9bb",
                            "rendered": "{\n  \"rules\": [{\n    \"rulePriority\": 1,\n    \"description\": \"Expire outdated tagged images\",\n    \"selection\": {\n      \"tagStatus\": \"any\",\n      \"countType\": \"imageCountMoreThan\",\n      \"countNumber\": 20\n    },\n    \"action\": {\n      \"type\": \"expire\"\n    }\n  }]\n}\n",
                            "template": "{\n  \"rules\": [{\n    \"rulePriority\": 1,\n    \"description\": \"Expire outdated tagged images\",\n    \"selection\": {\n      \"tagStatus\": \"any\",\n      \"countType\": \"imageCountMoreThan\",\n      \"countNumber\": ${count}\n    },\n    \"action\": {\n      \"type\": \"expire\"\n    }\n  }]\n}\n",
                            "vars.%": "1",
                            "vars.count": "20"
                        },
                        "meta": {},
                        "tainted": false
                    },
                    "deposed": [],
                    "provider": "module.fargate.provider.template"
                },
                "data.template_file.ecr_event": {
                    "type": "template_file",
                    "depends_on": [
                        "aws_ecr_repository.this.*"
                    ],
                    "primary": {
                        "id": "f187bb4909f414d7de0a20d0aad28677619c7db03f54ee97e0397504e8b36196",
                        "attributes": {
                            "id": "f187bb4909f414d7de0a20d0aad28677619c7db03f54ee97e0397504e8b36196",
                            "rendered": "{\n  \"source\": [\n    \"aws.ecr\"\n  ],\n  \"detail-type\": [\n    \"AWS API Call via CloudTrail\"\n  ],\n  \"detail\": {\n    \"eventSource\": [\n      \"ecr.amazonaws.com\"\n    ],\n    \"eventName\": [\n      \"PutImage\"\n    ],\n    \"requestParameters\": {\n      \"repositoryName\": [\n        \"api-default\"\n      ],\n      \"imageTag\": [\n        \"latest\"\n      ]\n    }\n  }\n}\n",
                            "template": "{\n  \"source\": [\n    \"aws.ecr\"\n  ],\n  \"detail-type\": [\n    \"AWS API Call via CloudTrail\"\n  ],\n  \"detail\": {\n    \"eventSource\": [\n      \"ecr.amazonaws.com\"\n    ],\n    \"eventName\": [\n      \"PutImage\"\n    ],\n    \"requestParameters\": {\n      \"repositoryName\": [\n        \"${ecr_repository_name}\"\n      ],\n      \"imageTag\": [\n        \"latest\"\n      ]\n    }\n  }\n}\n",
                            "vars.%": "1",
                            "vars.ecr_repository_name": "api-default"
                        },
                        "meta": {},
                        "tainted": false
                    },
                    "deposed": [],
                    "provider": "module.fargate.provider.template"
                },
                "data.template_file.events": {
                    "type": "template_file",
                    "depends_on": [
                        "aws_codepipeline.this.*"
                    ],
                    "primary": {
                        "id": "7eeb0778180b9f64cfd9cb4e1d373c1a6f59b9b85a95c15f6f0152592194c2d8",
                        "attributes": {
                            "id": "7eeb0778180b9f64cfd9cb4e1d373c1a6f59b9b85a95c15f6f0152592194c2d8",
                            "rendered": "{\n  \"Version\": \"2012-10-17\",\n  \"Statement\": [\n      {\n          \"Effect\": \"Allow\",\n          \"Action\": [\n              \"codepipeline:StartPipelineExecution\"\n          ],\n          \"Resource\": [\n            \"arn:aws:codepipeline:us-east-1:805382315593:hola-mundo-ecs-default-api-pipeline\"\n          ]\n      }\n  ]\n}\n",
                            "template": "{\n  \"Version\": \"2012-10-17\",\n  \"Statement\": [\n      {\n          \"Effect\": \"Allow\",\n          \"Action\": [\n              \"codepipeline:StartPipelineExecution\"\n          ],\n          \"Resource\": [\n            \"${codepipeline_arn}\"\n          ]\n      }\n  ]\n}\n",
                            "vars.%": "1",
                            "vars.codepipeline_arn": "arn:aws:codepipeline:us-east-1:805382315593:hola-mundo-ecs-default-api-pipeline"
                        },
                        "meta": {},
                        "tainted": false
                    },
                    "deposed": [],
                    "provider": "module.fargate.provider.template"
                },
                "data.template_file.metric_dashboard": {
                    "type": "template_file",
                    "depends_on": [
                        "aws_ecs_cluster.this",
                        "aws_lb.this.*",
                        "data.aws_region.current"
                    ],
                    "primary": {
                        "id": "313d8703ac84aa82855405591bc5aa84ac867e68399b3134c5d0c6b0953585f0",
                        "attributes": {
                            "id": "313d8703ac84aa82855405591bc5aa84ac867e68399b3134c5d0c6b0953585f0",
                            "rendered": "{\n  \"widgets\": [\n      {\n          \"type\": \"metric\",\n          \"x\": 0,\n          \"y\": 0,\n          \"width\": 12,\n          \"height\": 6,\n          \"properties\": {\n              \"metrics\": [\n                  [ \"AWS/ApplicationELB\", \"HTTPCode_Target_2XX_Count\", \"LoadBalancer\", \"app/hola-mundo-ecs-default-api-alb/20e588d5c4d42036\", { \"stat\": \"Sum\" } ]\n              ],\n              \"view\": \"timeSeries\",\n              \"stacked\": false,\n              \"region\": \"us-east-1\",\n              \"title\": \"HTTP 2XX count\"\n          }\n      },\n      {\n          \"type\": \"metric\",\n          \"x\": 0,\n          \"y\": 12,\n          \"width\": 12,\n          \"height\": 6,\n          \"properties\": {\n              \"view\": \"timeSeries\",\n              \"stacked\": false,\n              \"metrics\": [\n                  [ \"AWS/ApplicationELB\", \"HTTPCode_ELB_5XX_Count\", \"LoadBalancer\", \"app/hola-mundo-ecs-default-api-alb/20e588d5c4d42036\" ]\n              ],\n              \"region\": \"us-east-1\",\n              \"title\": \"HTTP 5XX count\"\n          }\n      },\n      {\n          \"type\": \"metric\",\n          \"x\": 0,\n          \"y\": 6,\n          \"width\": 12,\n          \"height\": 6,\n          \"properties\": {\n              \"view\": \"timeSeries\",\n              \"stacked\": false,\n              \"metrics\": [\n                  [ \"AWS/ApplicationELB\", \"HTTPCode_Target_4XX_Count\", \"LoadBalancer\", \"app/hola-mundo-ecs-default-api-alb/20e588d5c4d42036\" ]\n              ],\n              \"region\": \"us-east-1\",\n              \"title\": \"HTTP 4XX count\"\n          }\n      },\n      {\n          \"type\": \"metric\",\n          \"x\": 12,\n          \"y\": 0,\n          \"width\": 12,\n          \"height\": 3,\n          \"properties\": {\n              \"metrics\": [\n                  [ \"AWS/ApplicationELB\", \"TargetResponseTime\", \"LoadBalancer\", \"app/hola-mundo-ecs-default-api-alb/20e588d5c4d42036\", { \"stat\": \"p95\" } ]\n              ],\n              \"view\": \"timeSeries\",\n              \"region\": \"us-east-1\",\n              \"title\": \"Response Time (p95)\",\n              \"stacked\": false\n          }\n      },\n      {\n          \"type\": \"metric\",\n          \"x\": 12,\n          \"y\": 3,\n          \"width\": 12,\n          \"height\": 3,\n          \"properties\": {\n              \"metrics\": [\n                  [ \"AWS/ApplicationELB\", \"RequestCount\", \"LoadBalancer\", \"app/hola-mundo-ecs-default-api-alb/20e588d5c4d42036\", { \"stat\": \"Sum\" } ]\n              ],\n              \"view\": \"timeSeries\",\n              \"region\": \"us-east-1\",\n              \"title\": \"Request Count\",\n              \"stacked\": false\n          }\n      },\n      {\n          \"type\": \"metric\",\n          \"x\": 12,\n          \"y\": 6,\n          \"width\": 12,\n          \"height\": 6,\n          \"properties\": {\n              \"view\": \"timeSeries\",\n              \"stacked\": false,\n              \"metrics\": [\n                  [ \"AWS/ECS\", \"CPUUtilization\", \"ServiceName\", \"api\", \"ClusterName\", \"hola-mundo-ecs-default-cluster\" ]\n              ],\n              \"region\": \"us-east-1\",\n              \"title\": \"CPU Utilization\"\n          }\n      },\n      {\n          \"type\": \"metric\",\n          \"x\": 12,\n          \"y\": 12,\n          \"width\": 12,\n          \"height\": 6,\n          \"properties\": {\n              \"view\": \"timeSeries\",\n              \"stacked\": false,\n              \"metrics\": [\n                  [ \"AWS/ECS\", \"MemoryUtilization\", \"ServiceName\", \"api\", \"ClusterName\", \"hola-mundo-ecs-default-cluster\" ]\n              ],\n              \"region\": \"us-east-1\",\n              \"title\": \"Memory Utilization\"\n          }\n      }\n  ]\n}\n",
                            "template": "{\n  \"widgets\": [\n      {\n          \"type\": \"metric\",\n          \"x\": 0,\n          \"y\": 0,\n          \"width\": 12,\n          \"height\": 6,\n          \"properties\": {\n              \"metrics\": [\n                  [ \"AWS/ApplicationELB\", \"HTTPCode_Target_2XX_Count\", \"LoadBalancer\", \"${alb_arn_suffix}\", { \"stat\": \"Sum\" } ]\n              ],\n              \"view\": \"timeSeries\",\n              \"stacked\": false,\n              \"region\": \"${region}\",\n              \"title\": \"HTTP 2XX count\"\n          }\n      },\n      {\n          \"type\": \"metric\",\n          \"x\": 0,\n          \"y\": 12,\n          \"width\": 12,\n          \"height\": 6,\n          \"properties\": {\n              \"view\": \"timeSeries\",\n              \"stacked\": false,\n              \"metrics\": [\n                  [ \"AWS/ApplicationELB\", \"HTTPCode_ELB_5XX_Count\", \"LoadBalancer\", \"${alb_arn_suffix}\" ]\n              ],\n              \"region\": \"${region}\",\n              \"title\": \"HTTP 5XX count\"\n          }\n      },\n      {\n          \"type\": \"metric\",\n          \"x\": 0,\n          \"y\": 6,\n          \"width\": 12,\n          \"height\": 6,\n          \"properties\": {\n              \"view\": \"timeSeries\",\n              \"stacked\": false,\n              \"metrics\": [\n                  [ \"AWS/ApplicationELB\", \"HTTPCode_Target_4XX_Count\", \"LoadBalancer\", \"${alb_arn_suffix}\" ]\n              ],\n              \"region\": \"${region}\",\n              \"title\": \"HTTP 4XX count\"\n          }\n      },\n      {\n          \"type\": \"metric\",\n          \"x\": 12,\n          \"y\": 0,\n          \"width\": 12,\n          \"height\": 3,\n          \"properties\": {\n              \"metrics\": [\n                  [ \"AWS/ApplicationELB\", \"TargetResponseTime\", \"LoadBalancer\", \"${alb_arn_suffix}\", { \"stat\": \"p95\" } ]\n              ],\n              \"view\": \"timeSeries\",\n              \"region\": \"${region}\",\n              \"title\": \"Response Time (p95)\",\n              \"stacked\": false\n          }\n      },\n      {\n          \"type\": \"metric\",\n          \"x\": 12,\n          \"y\": 3,\n          \"width\": 12,\n          \"height\": 3,\n          \"properties\": {\n              \"metrics\": [\n                  [ \"AWS/ApplicationELB\", \"RequestCount\", \"LoadBalancer\", \"${alb_arn_suffix}\", { \"stat\": \"Sum\" } ]\n              ],\n              \"view\": \"timeSeries\",\n              \"region\": \"${region}\",\n              \"title\": \"Request Count\",\n              \"stacked\": false\n          }\n      },\n      {\n          \"type\": \"metric\",\n          \"x\": 12,\n          \"y\": 6,\n          \"width\": 12,\n          \"height\": 6,\n          \"properties\": {\n              \"view\": \"timeSeries\",\n              \"stacked\": false,\n              \"metrics\": [\n                  [ \"AWS/ECS\", \"CPUUtilization\", \"ServiceName\", \"${service_name}\", \"ClusterName\", \"${cluster_name}\" ]\n              ],\n              \"region\": \"${region}\",\n              \"title\": \"CPU Utilization\"\n          }\n      },\n      {\n          \"type\": \"metric\",\n          \"x\": 12,\n          \"y\": 12,\n          \"width\": 12,\n          \"height\": 6,\n          \"properties\": {\n              \"view\": \"timeSeries\",\n              \"stacked\": false,\n              \"metrics\": [\n                  [ \"AWS/ECS\", \"MemoryUtilization\", \"ServiceName\", \"${service_name}\", \"ClusterName\", \"${cluster_name}\" ]\n              ],\n              \"region\": \"${region}\",\n              \"title\": \"Memory Utilization\"\n          }\n      }\n  ]\n}\n",
                            "vars.%": "4",
                            "vars.alb_arn_suffix": "app/hola-mundo-ecs-default-api-alb/20e588d5c4d42036",
                            "vars.cluster_name": "hola-mundo-ecs-default-cluster",
                            "vars.region": "us-east-1",
                            "vars.service_name": "api"
                        },
                        "meta": {},
                        "tainted": false
                    },
                    "deposed": [],
                    "provider": "module.fargate.provider.template"
                },
                "data.template_file.tasks": {
                    "type": "template_file",
                    "depends_on": [
                        "aws_cloudwatch_log_group.this.*",
                        "aws_ecr_repository.this.*",
                        "data.aws_region.current"
                    ],
                    "primary": {
                        "id": "d2458549912791de9e86ea6603247fd005f1b48e5e64016e892c3cfde801fbfa",
                        "attributes": {
                            "id": "d2458549912791de9e86ea6603247fd005f1b48e5e64016e892c3cfde801fbfa",
                            "rendered": "[\n  {\n    \"portMappings\": [\n      {\n        \"hostPort\": 3000,\n        \"protocol\": \"tcp\",\n        \"containerPort\": 3000\n      }\n    ],\n    \"image\": \"805382315593.dkr.ecr.us-east-1.amazonaws.com/api-default:latest\",\n    \"name\": \"api\",\n    \"logConfiguration\": {\n      \"logDriver\": \"awslogs\",\n      \"options\": {\n        \"awslogs-group\": \"/ecs/hola-mundo-ecs-api\",\n        \"awslogs-region\": \"us-east-1\",\n        \"awslogs-stream-prefix\": \"ecs\"\n      }\n    }\n  }\n]\n",
                            "template": "[\n  {\n    \"portMappings\": [\n      {\n        \"hostPort\": ${container_port},\n        \"protocol\": \"tcp\",\n        \"containerPort\": ${container_port}\n      }\n    ],\n    \"image\": \"${repository_url}:latest\",\n    \"name\": \"${container_name}\",\n    \"logConfiguration\": {\n      \"logDriver\": \"awslogs\",\n      \"options\": {\n        \"awslogs-group\": \"${log_group}\",\n        \"awslogs-region\": \"${region}\",\n        \"awslogs-stream-prefix\": \"ecs\"\n      }\n    }\n  }\n]\n",
                            "vars.%": "5",
                            "vars.container_name": "api",
                            "vars.container_port": "3000",
                            "vars.log_group": "/ecs/hola-mundo-ecs-api",
                            "vars.region": "us-east-1",
                            "vars.repository_url": "805382315593.dkr.ecr.us-east-1.amazonaws.com/api-default"
                        },
                        "meta": {},
                        "tainted": false
                    },
                    "deposed": [],
                    "provider": "module.fargate.provider.template"
                },
                "random_id.target_group_sufix": {
                    "type": "random_id",
                    "depends_on": [],
                    "primary": {
                        "id": "s5k",
                        "attributes": {
                            "b64": "s5k",
                            "b64_std": "s5k=",
                            "b64_url": "s5k",
                            "byte_length": "2",
                            "dec": "45977",
                            "hex": "b399",
                            "id": "s5k",
                            "keepers.%": "1",
                            "keepers.container_port": "3000"
                        },
                        "meta": {},
                        "tainted": false
                    },
                    "deposed": [],
                    "provider": "module.fargate.provider.random"
                }
            },
            "depends_on": []
        },
        {
            "path": [
                "root",
                "fargate",
                "vpc"
            ],
            "outputs": {
                "azs": {
                    "sensitive": false,
                    "type": "list",
                    "value": [
                        "us-east-1a",
                        "us-east-1b",
                        "us-east-1c",
                        "us-east-1d",
                        "us-east-1e",
                        "us-east-1f"
                    ]
                },
                "database_network_acl_id": {
                    "sensitive": false,
                    "type": "string",
                    "value": ""
                },
                "database_route_table_ids": {
                    "sensitive": false,
                    "type": "list",
                    "value": [
                        "rtb-02575d8aab711860c",
                        "rtb-09d12b5f5ccef8471",
                        "rtb-05465b9ce48162853"
                    ]
                },
                "database_subnet_group": {
                    "sensitive": false,
                    "type": "string",
                    "value": ""
                },
                "database_subnets": {
                    "sensitive": false,
                    "type": "list",
                    "value": []
                },
                "database_subnets_cidr_blocks": {
                    "sensitive": false,
                    "type": "list",
                    "value": []
                },
                "default_network_acl_id": {
                    "sensitive": false,
                    "type": "string",
                    "value": "acl-0e34ae7f8be7e50d3"
                },
                "default_route_table_id": {
                    "sensitive": false,
                    "type": "string",
                    "value": "rtb-0bfd5853712f5e6d6"
                },
                "default_security_group_id": {
                    "sensitive": false,
                    "type": "string",
                    "value": "sg-02d402833eb4f48f2"
                },
                "default_vpc_cidr_block": {
                    "sensitive": false,
                    "type": "string",
                    "value": ""
                },
                "default_vpc_default_network_acl_id": {
                    "sensitive": false,
                    "type": "string",
                    "value": ""
                },
                "default_vpc_default_route_table_id": {
                    "sensitive": false,
                    "type": "string",
                    "value": ""
                },
                "default_vpc_default_security_group_id": {
                    "sensitive": false,
                    "type": "string",
                    "value": ""
                },
                "default_vpc_enable_dns_hostnames": {
                    "sensitive": false,
                    "type": "string",
                    "value": ""
                },
                "default_vpc_enable_dns_support": {
                    "sensitive": false,
                    "type": "string",
                    "value": ""
                },
                "default_vpc_id": {
                    "sensitive": false,
                    "type": "string",
                    "value": ""
                },
                "default_vpc_instance_tenancy": {
                    "sensitive": false,
                    "type": "string",
                    "value": ""
                },
                "default_vpc_main_route_table_id": {
                    "sensitive": false,
                    "type": "string",
                    "value": ""
                },
                "elasticache_network_acl_id": {
                    "sensitive": false,
                    "type": "string",
                    "value": ""
                },
                "elasticache_route_table_ids": {
                    "sensitive": false,
                    "type": "list",
                    "value": [
                        "rtb-02575d8aab711860c",
                        "rtb-09d12b5f5ccef8471",
                        "rtb-05465b9ce48162853"
                    ]
                },
                "elasticache_subnet_group": {
                    "sensitive": false,
                    "type": "string",
                    "value": ""
                },
                "elasticache_subnet_group_name": {
                    "sensitive": false,
                    "type": "string",
                    "value": ""
                },
                "elasticache_subnets": {
                    "sensitive": false,
                    "type": "list",
                    "value": []
                },
                "elasticache_subnets_cidr_blocks": {
                    "sensitive": false,
                    "type": "list",
                    "value": []
                },
                "igw_id": {
                    "sensitive": false,
                    "type": "string",
                    "value": "igw-029842a663e04589b"
                },
                "intra_network_acl_id": {
                    "sensitive": false,
                    "type": "string",
                    "value": ""
                },
                "intra_route_table_ids": {
                    "sensitive": false,
                    "type": "list",
                    "value": []
                },
                "intra_subnets": {
                    "sensitive": false,
                    "type": "list",
                    "value": []
                },
                "intra_subnets_cidr_blocks": {
                    "sensitive": false,
                    "type": "list",
                    "value": []
                },
                "nat_ids": {
                    "sensitive": false,
                    "type": "list",
                    "value": []
                },
                "nat_public_ips": {
                    "sensitive": false,
                    "type": "list",
                    "value": []
                },
                "natgw_ids": {
                    "sensitive": false,
                    "type": "list",
                    "value": []
                },
                "private_network_acl_id": {
                    "sensitive": false,
                    "type": "string",
                    "value": ""
                },
                "private_route_table_ids": {
                    "sensitive": false,
                    "type": "list",
                    "value": [
                        "rtb-02575d8aab711860c",
                        "rtb-09d12b5f5ccef8471",
                        "rtb-05465b9ce48162853"
                    ]
                },
                "private_subnets": {
                    "sensitive": false,
                    "type": "list",
                    "value": [
                        "subnet-081317beb521665ea",
                        "subnet-0e6b835ebc62215ba",
                        "subnet-0cd77f4e548b61575"
                    ]
                },
                "private_subnets_cidr_blocks": {
                    "sensitive": false,
                    "type": "list",
                    "value": [
                        "10.0.101.0/24",
                        "10.0.102.0/24",
                        "10.0.103.0/24"
                    ]
                },
                "public_network_acl_id": {
                    "sensitive": false,
                    "type": "string",
                    "value": ""
                },
                "public_route_table_ids": {
                    "sensitive": false,
                    "type": "list",
                    "value": [
                        "rtb-0af9378d2ab919f08"
                    ]
                },
                "public_subnets": {
                    "sensitive": false,
                    "type": "list",
                    "value": [
                        "subnet-0548fd2f1fcd98d2d",
                        "subnet-0d9518ac5e816aa2e",
                        "subnet-04c27f4d3c5b4e3b8"
                    ]
                },
                "public_subnets_cidr_blocks": {
                    "sensitive": false,
                    "type": "list",
                    "value": [
                        "10.0.1.0/24",
                        "10.0.2.0/24",
                        "10.0.3.0/24"
                    ]
                },
                "redshift_network_acl_id": {
                    "sensitive": false,
                    "type": "string",
                    "value": ""
                },
                "redshift_route_table_ids": {
                    "sensitive": false,
                    "type": "list",
                    "value": [
                        "rtb-02575d8aab711860c",
                        "rtb-09d12b5f5ccef8471",
                        "rtb-05465b9ce48162853"
                    ]
                },
                "redshift_subnet_group": {
                    "sensitive": false,
                    "type": "string",
                    "value": ""
                },
                "redshift_subnets": {
                    "sensitive": false,
                    "type": "list",
                    "value": []
                },
                "redshift_subnets_cidr_blocks": {
                    "sensitive": false,
                    "type": "list",
                    "value": []
                },
                "vgw_id": {
                    "sensitive": false,
                    "type": "string",
                    "value": ""
                },
                "vpc_cidr_block": {
                    "sensitive": false,
                    "type": "string",
                    "value": "10.0.0.0/16"
                },
                "vpc_enable_dns_hostnames": {
                    "sensitive": false,
                    "type": "string",
                    "value": "true"
                },
                "vpc_enable_dns_support": {
                    "sensitive": false,
                    "type": "string",
                    "value": "true"
                },
                "vpc_endpoint_dynamodb_id": {
                    "sensitive": false,
                    "type": "string",
                    "value": ""
                },
                "vpc_endpoint_dynamodb_pl_id": {
                    "sensitive": false,
                    "type": "string",
                    "value": ""
                },
                "vpc_endpoint_ec2_dns_entry": {
                    "sensitive": false,
                    "type": "list",
                    "value": []
                },
                "vpc_endpoint_ec2_id": {
                    "sensitive": false,
                    "type": "string",
                    "value": ""
                },
                "vpc_endpoint_ec2_network_interface_ids": {
                    "sensitive": false,
                    "type": "list",
                    "value": []
                },
                "vpc_endpoint_ec2messages_dns_entry": {
                    "sensitive": false,
                    "type": "list",
                    "value": []
                },
                "vpc_endpoint_ec2messages_id": {
                    "sensitive": false,
                    "type": "string",
                    "value": ""
                },
                "vpc_endpoint_ec2messages_network_interface_ids": {
                    "sensitive": false,
                    "type": "list",
                    "value": []
                },
                "vpc_endpoint_s3_id": {
                    "sensitive": false,
                    "type": "string",
                    "value": "vpce-0aa666fceb50e34a2"
                },
                "vpc_endpoint_s3_pl_id": {
                    "sensitive": false,
                    "type": "string",
                    "value": "pl-63a5400a"
                },
                "vpc_endpoint_ssm_dns_entry": {
                    "sensitive": false,
                    "type": "list",
                    "value": []
                },
                "vpc_endpoint_ssm_id": {
                    "sensitive": false,
                    "type": "string",
                    "value": ""
                },
                "vpc_endpoint_ssm_network_interface_ids": {
                    "sensitive": false,
                    "type": "list",
                    "value": []
                },
                "vpc_endpoint_ssmmessages_dns_entry": {
                    "sensitive": false,
                    "type": "list",
                    "value": []
                },
                "vpc_endpoint_ssmmessages_id": {
                    "sensitive": false,
                    "type": "string",
                    "value": ""
                },
                "vpc_endpoint_ssmmessages_network_interface_ids": {
                    "sensitive": false,
                    "type": "list",
                    "value": []
                },
                "vpc_id": {
                    "sensitive": false,
                    "type": "string",
                    "value": "vpc-0e16de032dafeb047"
                },
                "vpc_instance_tenancy": {
                    "sensitive": false,
                    "type": "string",
                    "value": "default"
                },
                "vpc_main_route_table_id": {
                    "sensitive": false,
                    "type": "string",
                    "value": "rtb-0bfd5853712f5e6d6"
                },
                "vpc_secondary_cidr_blocks": {
                    "sensitive": false,
                    "type": "list",
                    "value": []
                }
            },
            "resources": {
                "aws_internet_gateway.this": {
                    "type": "aws_internet_gateway",
                    "depends_on": [
                        "local.vpc_id"
                    ],
                    "primary": {
                        "id": "igw-029842a663e04589b",
                        "attributes": {
                            "id": "igw-029842a663e04589b",
                            "owner_id": "805382315593",
                            "tags.%": "1",
                            "tags.Name": "hola-mundo-ecs-default-vpc",
                            "vpc_id": "vpc-0e16de032dafeb047"
                        },
                        "meta": {},
                        "tainted": false
                    },
                    "deposed": [],
                    "provider": "provider.aws"
                },
                "aws_route.public_internet_gateway": {
                    "type": "aws_route",
                    "depends_on": [
                        "aws_internet_gateway.this",
                        "aws_route_table.public"
                    ],
                    "primary": {
                        "id": "r-rtb-0af9378d2ab919f081080289494",
                        "attributes": {
                            "destination_cidr_block": "0.0.0.0/0",
                            "destination_prefix_list_id": "",
                            "egress_only_gateway_id": "",
                            "gateway_id": "igw-029842a663e04589b",
                            "id": "r-rtb-0af9378d2ab919f081080289494",
                            "instance_id": "",
                            "instance_owner_id": "",
                            "nat_gateway_id": "",
                            "network_interface_id": "",
                            "origin": "CreateRoute",
                            "route_table_id": "rtb-0af9378d2ab919f08",
                            "state": "active",
                            "transit_gateway_id": "",
                            "vpc_peering_connection_id": ""
                        },
                        "meta": {
                            "e2bfb730-ecaa-11e6-8f88-34363bc7c4c0": {
                                "create": 300000000000,
                                "delete": 300000000000
                            }
                        },
                        "tainted": false
                    },
                    "deposed": [],
                    "provider": "provider.aws"
                },
                "aws_route_table.private.0": {
                    "type": "aws_route_table",
                    "depends_on": [
                        "local.max_subnet_length",
                        "local.nat_gateway_count",
                        "local.vpc_id"
                    ],
                    "primary": {
                        "id": "rtb-02575d8aab711860c",
                        "attributes": {
                            "id": "rtb-02575d8aab711860c",
                            "owner_id": "805382315593",
                            "propagating_vgws.#": "0",
                            "route.#": "0",
                            "tags.%": "1",
                            "tags.Name": "hola-mundo-ecs-default-vpc-private-us-east-1a",
                            "vpc_id": "vpc-0e16de032dafeb047"
                        },
                        "meta": {},
                        "tainted": false
                    },
                    "deposed": [],
                    "provider": "provider.aws"
                },
                "aws_route_table.private.1": {
                    "type": "aws_route_table",
                    "depends_on": [
                        "local.max_subnet_length",
                        "local.nat_gateway_count",
                        "local.vpc_id"
                    ],
                    "primary": {
                        "id": "rtb-09d12b5f5ccef8471",
                        "attributes": {
                            "id": "rtb-09d12b5f5ccef8471",
                            "owner_id": "805382315593",
                            "propagating_vgws.#": "0",
                            "route.#": "0",
                            "tags.%": "1",
                            "tags.Name": "hola-mundo-ecs-default-vpc-private-us-east-1b",
                            "vpc_id": "vpc-0e16de032dafeb047"
                        },
                        "meta": {},
                        "tainted": false
                    },
                    "deposed": [],
                    "provider": "provider.aws"
                },
                "aws_route_table.private.2": {
                    "type": "aws_route_table",
                    "depends_on": [
                        "local.max_subnet_length",
                        "local.nat_gateway_count",
                        "local.vpc_id"
                    ],
                    "primary": {
                        "id": "rtb-05465b9ce48162853",
                        "attributes": {
                            "id": "rtb-05465b9ce48162853",
                            "owner_id": "805382315593",
                            "propagating_vgws.#": "0",
                            "route.#": "0",
                            "tags.%": "1",
                            "tags.Name": "hola-mundo-ecs-default-vpc-private-us-east-1c",
                            "vpc_id": "vpc-0e16de032dafeb047"
                        },
                        "meta": {},
                        "tainted": false
                    },
                    "deposed": [],
                    "provider": "provider.aws"
                },
                "aws_route_table.public": {
                    "type": "aws_route_table",
                    "depends_on": [
                        "local.vpc_id"
                    ],
                    "primary": {
                        "id": "rtb-0af9378d2ab919f08",
                        "attributes": {
                            "id": "rtb-0af9378d2ab919f08",
                            "owner_id": "805382315593",
                            "propagating_vgws.#": "0",
                            "route.#": "0",
                            "tags.%": "1",
                            "tags.Name": "hola-mundo-ecs-default-vpc-public",
                            "vpc_id": "vpc-0e16de032dafeb047"
                        },
                        "meta": {},
                        "tainted": false
                    },
                    "deposed": [],
                    "provider": "provider.aws"
                },
                "aws_route_table_association.private.0": {
                    "type": "aws_route_table_association",
                    "depends_on": [
                        "aws_route_table.private.*",
                        "aws_subnet.private.*"
                    ],
                    "primary": {
                        "id": "rtbassoc-0f1d3a17303aee4fa",
                        "attributes": {
                            "id": "rtbassoc-0f1d3a17303aee4fa",
                            "route_table_id": "rtb-02575d8aab711860c",
                            "subnet_id": "subnet-081317beb521665ea"
                        },
                        "meta": {},
                        "tainted": false
                    },
                    "deposed": [],
                    "provider": "provider.aws"
                },
                "aws_route_table_association.private.1": {
                    "type": "aws_route_table_association",
                    "depends_on": [
                        "aws_route_table.private.*",
                        "aws_subnet.private.*"
                    ],
                    "primary": {
                        "id": "rtbassoc-0192b08ffec03ad30",
                        "attributes": {
                            "id": "rtbassoc-0192b08ffec03ad30",
                            "route_table_id": "rtb-09d12b5f5ccef8471",
                            "subnet_id": "subnet-0e6b835ebc62215ba"
                        },
                        "meta": {},
                        "tainted": false
                    },
                    "deposed": [],
                    "provider": "provider.aws"
                },
                "aws_route_table_association.private.2": {
                    "type": "aws_route_table_association",
                    "depends_on": [
                        "aws_route_table.private.*",
                        "aws_subnet.private.*"
                    ],
                    "primary": {
                        "id": "rtbassoc-0e0576eb36da6fc9c",
                        "attributes": {
                            "id": "rtbassoc-0e0576eb36da6fc9c",
                            "route_table_id": "rtb-05465b9ce48162853",
                            "subnet_id": "subnet-0cd77f4e548b61575"
                        },
                        "meta": {},
                        "tainted": false
                    },
                    "deposed": [],
                    "provider": "provider.aws"
                },
                "aws_route_table_association.public.0": {
                    "type": "aws_route_table_association",
                    "depends_on": [
                        "aws_route_table.public",
                        "aws_subnet.public.*"
                    ],
                    "primary": {
                        "id": "rtbassoc-0ef34387f4a7a357d",
                        "attributes": {
                            "id": "rtbassoc-0ef34387f4a7a357d",
                            "route_table_id": "rtb-0af9378d2ab919f08",
                            "subnet_id": "subnet-0548fd2f1fcd98d2d"
                        },
                        "meta": {},
                        "tainted": false
                    },
                    "deposed": [],
                    "provider": "provider.aws"
                },
                "aws_route_table_association.public.1": {
                    "type": "aws_route_table_association",
                    "depends_on": [
                        "aws_route_table.public",
                        "aws_subnet.public.*"
                    ],
                    "primary": {
                        "id": "rtbassoc-0d70d7281b66ac9f2",
                        "attributes": {
                            "id": "rtbassoc-0d70d7281b66ac9f2",
                            "route_table_id": "rtb-0af9378d2ab919f08",
                            "subnet_id": "subnet-0d9518ac5e816aa2e"
                        },
                        "meta": {},
                        "tainted": false
                    },
                    "deposed": [],
                    "provider": "provider.aws"
                },
                "aws_route_table_association.public.2": {
                    "type": "aws_route_table_association",
                    "depends_on": [
                        "aws_route_table.public",
                        "aws_subnet.public.*"
                    ],
                    "primary": {
                        "id": "rtbassoc-087d14512467f5214",
                        "attributes": {
                            "id": "rtbassoc-087d14512467f5214",
                            "route_table_id": "rtb-0af9378d2ab919f08",
                            "subnet_id": "subnet-04c27f4d3c5b4e3b8"
                        },
                        "meta": {},
                        "tainted": false
                    },
                    "deposed": [],
                    "provider": "provider.aws"
                },
                "aws_subnet.private.0": {
                    "type": "aws_subnet",
                    "depends_on": [
                        "local.vpc_id"
                    ],
                    "primary": {
                        "id": "subnet-081317beb521665ea",
                        "attributes": {
                            "arn": "arn:aws:ec2:us-east-1:805382315593:subnet/subnet-081317beb521665ea",
                            "assign_ipv6_address_on_creation": "false",
                            "availability_zone": "us-east-1a",
                            "availability_zone_id": "use1-az6",
                            "cidr_block": "10.0.101.0/24",
                            "id": "subnet-081317beb521665ea",
                            "ipv6_cidr_block": "",
                            "ipv6_cidr_block_association_id": "",
                            "map_public_ip_on_launch": "false",
                            "owner_id": "805382315593",
                            "tags.%": "1",
                            "tags.Name": "hola-mundo-ecs-default-vpc-private-us-east-1a",
                            "vpc_id": "vpc-0e16de032dafeb047"
                        },
                        "meta": {
                            "e2bfb730-ecaa-11e6-8f88-34363bc7c4c0": {
                                "create": 600000000000,
                                "delete": 600000000000
                            },
                            "schema_version": "1"
                        },
                        "tainted": false
                    },
                    "deposed": [],
                    "provider": "provider.aws"
                },
                "aws_subnet.private.1": {
                    "type": "aws_subnet",
                    "depends_on": [
                        "local.vpc_id"
                    ],
                    "primary": {
                        "id": "subnet-0e6b835ebc62215ba",
                        "attributes": {
                            "arn": "arn:aws:ec2:us-east-1:805382315593:subnet/subnet-0e6b835ebc62215ba",
                            "assign_ipv6_address_on_creation": "false",
                            "availability_zone": "us-east-1b",
                            "availability_zone_id": "use1-az1",
                            "cidr_block": "10.0.102.0/24",
                            "id": "subnet-0e6b835ebc62215ba",
                            "ipv6_cidr_block": "",
                            "ipv6_cidr_block_association_id": "",
                            "map_public_ip_on_launch": "false",
                            "owner_id": "805382315593",
                            "tags.%": "1",
                            "tags.Name": "hola-mundo-ecs-default-vpc-private-us-east-1b",
                            "vpc_id": "vpc-0e16de032dafeb047"
                        },
                        "meta": {
                            "e2bfb730-ecaa-11e6-8f88-34363bc7c4c0": {
                                "create": 600000000000,
                                "delete": 600000000000
                            },
                            "schema_version": "1"
                        },
                        "tainted": false
                    },
                    "deposed": [],
                    "provider": "provider.aws"
                },
                "aws_subnet.private.2": {
                    "type": "aws_subnet",
                    "depends_on": [
                        "local.vpc_id"
                    ],
                    "primary": {
                        "id": "subnet-0cd77f4e548b61575",
                        "attributes": {
                            "arn": "arn:aws:ec2:us-east-1:805382315593:subnet/subnet-0cd77f4e548b61575",
                            "assign_ipv6_address_on_creation": "false",
                            "availability_zone": "us-east-1c",
                            "availability_zone_id": "use1-az2",
                            "cidr_block": "10.0.103.0/24",
                            "id": "subnet-0cd77f4e548b61575",
                            "ipv6_cidr_block": "",
                            "ipv6_cidr_block_association_id": "",
                            "map_public_ip_on_launch": "false",
                            "owner_id": "805382315593",
                            "tags.%": "1",
                            "tags.Name": "hola-mundo-ecs-default-vpc-private-us-east-1c",
                            "vpc_id": "vpc-0e16de032dafeb047"
                        },
                        "meta": {
                            "e2bfb730-ecaa-11e6-8f88-34363bc7c4c0": {
                                "create": 600000000000,
                                "delete": 600000000000
                            },
                            "schema_version": "1"
                        },
                        "tainted": false
                    },
                    "deposed": [],
                    "provider": "provider.aws"
                },
                "aws_subnet.public.0": {
                    "type": "aws_subnet",
                    "depends_on": [
                        "local.vpc_id"
                    ],
                    "primary": {
                        "id": "subnet-0548fd2f1fcd98d2d",
                        "attributes": {
                            "arn": "arn:aws:ec2:us-east-1:805382315593:subnet/subnet-0548fd2f1fcd98d2d",
                            "assign_ipv6_address_on_creation": "false",
                            "availability_zone": "us-east-1a",
                            "availability_zone_id": "use1-az6",
                            "cidr_block": "10.0.1.0/24",
                            "id": "subnet-0548fd2f1fcd98d2d",
                            "ipv6_cidr_block": "",
                            "ipv6_cidr_block_association_id": "",
                            "map_public_ip_on_launch": "true",
                            "owner_id": "805382315593",
                            "tags.%": "1",
                            "tags.Name": "hola-mundo-ecs-default-vpc-public-us-east-1a",
                            "vpc_id": "vpc-0e16de032dafeb047"
                        },
                        "meta": {
                            "e2bfb730-ecaa-11e6-8f88-34363bc7c4c0": {
                                "create": 600000000000,
                                "delete": 600000000000
                            },
                            "schema_version": "1"
                        },
                        "tainted": false
                    },
                    "deposed": [],
                    "provider": "provider.aws"
                },
                "aws_subnet.public.1": {
                    "type": "aws_subnet",
                    "depends_on": [
                        "local.vpc_id"
                    ],
                    "primary": {
                        "id": "subnet-0d9518ac5e816aa2e",
                        "attributes": {
                            "arn": "arn:aws:ec2:us-east-1:805382315593:subnet/subnet-0d9518ac5e816aa2e",
                            "assign_ipv6_address_on_creation": "false",
                            "availability_zone": "us-east-1b",
                            "availability_zone_id": "use1-az1",
                            "cidr_block": "10.0.2.0/24",
                            "id": "subnet-0d9518ac5e816aa2e",
                            "ipv6_cidr_block": "",
                            "ipv6_cidr_block_association_id": "",
                            "map_public_ip_on_launch": "true",
                            "owner_id": "805382315593",
                            "tags.%": "1",
                            "tags.Name": "hola-mundo-ecs-default-vpc-public-us-east-1b",
                            "vpc_id": "vpc-0e16de032dafeb047"
                        },
                        "meta": {
                            "e2bfb730-ecaa-11e6-8f88-34363bc7c4c0": {
                                "create": 600000000000,
                                "delete": 600000000000
                            },
                            "schema_version": "1"
                        },
                        "tainted": false
                    },
                    "deposed": [],
                    "provider": "provider.aws"
                },
                "aws_subnet.public.2": {
                    "type": "aws_subnet",
                    "depends_on": [
                        "local.vpc_id"
                    ],
                    "primary": {
                        "id": "subnet-04c27f4d3c5b4e3b8",
                        "attributes": {
                            "arn": "arn:aws:ec2:us-east-1:805382315593:subnet/subnet-04c27f4d3c5b4e3b8",
                            "assign_ipv6_address_on_creation": "false",
                            "availability_zone": "us-east-1c",
                            "availability_zone_id": "use1-az2",
                            "cidr_block": "10.0.3.0/24",
                            "id": "subnet-04c27f4d3c5b4e3b8",
                            "ipv6_cidr_block": "",
                            "ipv6_cidr_block_association_id": "",
                            "map_public_ip_on_launch": "true",
                            "owner_id": "805382315593",
                            "tags.%": "1",
                            "tags.Name": "hola-mundo-ecs-default-vpc-public-us-east-1c",
                            "vpc_id": "vpc-0e16de032dafeb047"
                        },
                        "meta": {
                            "e2bfb730-ecaa-11e6-8f88-34363bc7c4c0": {
                                "create": 600000000000,
                                "delete": 600000000000
                            },
                            "schema_version": "1"
                        },
                        "tainted": false
                    },
                    "deposed": [],
                    "provider": "provider.aws"
                },
                "aws_vpc.this": {
                    "type": "aws_vpc",
                    "depends_on": [],
                    "primary": {
                        "id": "vpc-0e16de032dafeb047",
                        "attributes": {
                            "arn": "arn:aws:ec2:us-east-1:805382315593:vpc/vpc-0e16de032dafeb047",
                            "assign_generated_ipv6_cidr_block": "false",
                            "cidr_block": "10.0.0.0/16",
                            "default_network_acl_id": "acl-0e34ae7f8be7e50d3",
                            "default_route_table_id": "rtb-0bfd5853712f5e6d6",
                            "default_security_group_id": "sg-02d402833eb4f48f2",
                            "dhcp_options_id": "dopt-2a493651",
                            "enable_classiclink": "false",
                            "enable_classiclink_dns_support": "false",
                            "enable_dns_hostnames": "true",
                            "enable_dns_support": "true",
                            "id": "vpc-0e16de032dafeb047",
                            "instance_tenancy": "default",
                            "ipv6_association_id": "",
                            "ipv6_cidr_block": "",
                            "main_route_table_id": "rtb-0bfd5853712f5e6d6",
                            "owner_id": "805382315593",
                            "tags.%": "1",
                            "tags.Name": "hola-mundo-ecs-default-vpc"
                        },
                        "meta": {
                            "schema_version": "1"
                        },
                        "tainted": false
                    },
                    "deposed": [],
                    "provider": "provider.aws"
                },
                "aws_vpc_endpoint.s3": {
                    "type": "aws_vpc_endpoint",
                    "depends_on": [
                        "data.aws_vpc_endpoint_service.s3",
                        "local.vpc_id"
                    ],
                    "primary": {
                        "id": "vpce-0aa666fceb50e34a2",
                        "attributes": {
                            "cidr_blocks.#": "2",
                            "cidr_blocks.0": "54.231.0.0/17",
                            "cidr_blocks.1": "52.216.0.0/15",
                            "dns_entry.#": "0",
                            "id": "vpce-0aa666fceb50e34a2",
                            "network_interface_ids.#": "0",
                            "policy": "{\"Statement\":[{\"Action\":\"*\",\"Effect\":\"Allow\",\"Principal\":\"*\",\"Resource\":\"*\"}],\"Version\":\"2008-10-17\"}",
                            "prefix_list_id": "pl-63a5400a",
                            "private_dns_enabled": "false",
                            "route_table_ids.#": "0",
                            "security_group_ids.#": "0",
                            "service_name": "com.amazonaws.us-east-1.s3",
                            "state": "available",
                            "subnet_ids.#": "0",
                            "vpc_endpoint_type": "Gateway",
                            "vpc_id": "vpc-0e16de032dafeb047"
                        },
                        "meta": {
                            "e2bfb730-ecaa-11e6-8f88-34363bc7c4c0": {
                                "create": 600000000000,
                                "delete": 600000000000,
                                "update": 600000000000
                            }
                        },
                        "tainted": false
                    },
                    "deposed": [],
                    "provider": "provider.aws"
                },
                "aws_vpc_endpoint_route_table_association.private_s3.0": {
                    "type": "aws_vpc_endpoint_route_table_association",
                    "depends_on": [
                        "aws_route_table.private.*",
                        "aws_vpc_endpoint.s3",
                        "local.nat_gateway_count"
                    ],
                    "primary": {
                        "id": "a-vpce-0aa666fceb50e34a22818158735",
                        "attributes": {
                            "id": "a-vpce-0aa666fceb50e34a22818158735",
                            "route_table_id": "rtb-02575d8aab711860c",
                            "vpc_endpoint_id": "vpce-0aa666fceb50e34a2"
                        },
                        "meta": {},
                        "tainted": false
                    },
                    "deposed": [],
                    "provider": "provider.aws"
                },
                "aws_vpc_endpoint_route_table_association.private_s3.1": {
                    "type": "aws_vpc_endpoint_route_table_association",
                    "depends_on": [
                        "aws_route_table.private.*",
                        "aws_vpc_endpoint.s3",
                        "local.nat_gateway_count"
                    ],
                    "primary": {
                        "id": "a-vpce-0aa666fceb50e34a21770450067",
                        "attributes": {
                            "id": "a-vpce-0aa666fceb50e34a21770450067",
                            "route_table_id": "rtb-09d12b5f5ccef8471",
                            "vpc_endpoint_id": "vpce-0aa666fceb50e34a2"
                        },
                        "meta": {},
                        "tainted": false
                    },
                    "deposed": [],
                    "provider": "provider.aws"
                },
                "aws_vpc_endpoint_route_table_association.private_s3.2": {
                    "type": "aws_vpc_endpoint_route_table_association",
                    "depends_on": [
                        "aws_route_table.private.*",
                        "aws_vpc_endpoint.s3",
                        "local.nat_gateway_count"
                    ],
                    "primary": {
                        "id": "a-vpce-0aa666fceb50e34a22906699538",
                        "attributes": {
                            "id": "a-vpce-0aa666fceb50e34a22906699538",
                            "route_table_id": "rtb-05465b9ce48162853",
                            "vpc_endpoint_id": "vpce-0aa666fceb50e34a2"
                        },
                        "meta": {},
                        "tainted": false
                    },
                    "deposed": [],
                    "provider": "provider.aws"
                },
                "aws_vpc_endpoint_route_table_association.public_s3": {
                    "type": "aws_vpc_endpoint_route_table_association",
                    "depends_on": [
                        "aws_route_table.public",
                        "aws_vpc_endpoint.s3"
                    ],
                    "primary": {
                        "id": "a-vpce-0aa666fceb50e34a21869182003",
                        "attributes": {
                            "id": "a-vpce-0aa666fceb50e34a21869182003",
                            "route_table_id": "rtb-0af9378d2ab919f08",
                            "vpc_endpoint_id": "vpce-0aa666fceb50e34a2"
                        },
                        "meta": {},
                        "tainted": false
                    },
                    "deposed": [],
                    "provider": "provider.aws"
                },
                "data.aws_vpc_endpoint_service.s3": {
                    "type": "aws_vpc_endpoint_service",
                    "depends_on": [],
                    "primary": {
                        "id": "195798706",
                        "attributes": {
                            "acceptance_required": "false",
                            "availability_zones.#": "6",
                            "availability_zones.1252502072": "us-east-1f",
                            "availability_zones.1305112097": "us-east-1b",
                            "availability_zones.2762590996": "us-east-1d",
                            "availability_zones.3551460226": "us-east-1e",
                            "availability_zones.3569565595": "us-east-1a",
                            "availability_zones.986537655": "us-east-1c",
                            "base_endpoint_dns_names.#": "1",
                            "base_endpoint_dns_names.1629071467": "s3.us-east-1.amazonaws.com",
                            "id": "195798706",
                            "owner": "amazon",
                            "private_dns_name": "",
                            "service": "s3",
                            "service_name": "com.amazonaws.us-east-1.s3",
                            "service_type": "Gateway",
                            "vpc_endpoint_policy_supported": "true"
                        },
                        "meta": {},
                        "tainted": false
                    },
                    "deposed": [],
                    "provider": "provider.aws"
                }
            },
            "depends_on": []
        }
    ]
}
